// !$*UTF8*$!
{
	archiveVersion = 1;
	classes = {
	};
	objectVersion = 56;
	objects = {

/* Begin PBXBuildFile section */
		A576563B297EDBA100FEDC5A /* AppDelegate.swift in Sources */ = {isa = PBXBuildFile; fileRef = A576563A297EDBA100FEDC5A /* AppDelegate.swift */; };
		A5765642297EDBA100FEDC5A /* Main.storyboard in Resources */ = {isa = PBXBuildFile; fileRef = A5765640297EDBA100FEDC5A /* Main.storyboard */; };
		A5765645297EDBA100FEDC5A /* ExchangeConverter.xcdatamodeld in Sources */ = {isa = PBXBuildFile; fileRef = A5765643297EDBA100FEDC5A /* ExchangeConverter.xcdatamodeld */; };
		A5765647297EDBA300FEDC5A /* Assets.xcassets in Resources */ = {isa = PBXBuildFile; fileRef = A5765646297EDBA300FEDC5A /* Assets.xcassets */; };
		A576564A297EDBA300FEDC5A /* LaunchScreen.storyboard in Resources */ = {isa = PBXBuildFile; fileRef = A5765648297EDBA300FEDC5A /* LaunchScreen.storyboard */; };
		A5765655297EDBA300FEDC5A /* ExchangeConverterTests.swift in Sources */ = {isa = PBXBuildFile; fileRef = A5765654297EDBA300FEDC5A /* ExchangeConverterTests.swift */; };
		A576565F297EDBA300FEDC5A /* ExchangeConverterUITests.swift in Sources */ = {isa = PBXBuildFile; fileRef = A576565E297EDBA300FEDC5A /* ExchangeConverterUITests.swift */; };
		A5765661297EDBA300FEDC5A /* ExchangeConverterUITestsLaunchTests.swift in Sources */ = {isa = PBXBuildFile; fileRef = A5765660297EDBA300FEDC5A /* ExchangeConverterUITestsLaunchTests.swift */; };
		A5A15E9929802A350016702F /* RootWireframeInterface.swift in Sources */ = {isa = PBXBuildFile; fileRef = A5A15E9829802A350016702F /* RootWireframeInterface.swift */; };
		A5A15E9A29802A350016702F /* RootWireframeInterface.swift in Sources */ = {isa = PBXBuildFile; fileRef = A5A15E9829802A350016702F /* RootWireframeInterface.swift */; };
		A5A15E9C29802BA30016702F /* BaseViewController.swift in Sources */ = {isa = PBXBuildFile; fileRef = A5A15E9B29802BA30016702F /* BaseViewController.swift */; };
		A5A15E9D29802BA30016702F /* BaseViewController.swift in Sources */ = {isa = PBXBuildFile; fileRef = A5A15E9B29802BA30016702F /* BaseViewController.swift */; };
		A5A15E9F29803BB10016702F /* BaseModuleInteractor.swift in Sources */ = {isa = PBXBuildFile; fileRef = A5A15E9E29803BB10016702F /* BaseModuleInteractor.swift */; };
		A5A15EA029803BB10016702F /* BaseModuleInteractor.swift in Sources */ = {isa = PBXBuildFile; fileRef = A5A15E9E29803BB10016702F /* BaseModuleInteractor.swift */; };
		A5A15EA229803CA60016702F /* BaseModulePresenter.swift in Sources */ = {isa = PBXBuildFile; fileRef = A5A15EA129803CA60016702F /* BaseModulePresenter.swift */; };
		A5A15EA329803CA60016702F /* BaseModulePresenter.swift in Sources */ = {isa = PBXBuildFile; fileRef = A5A15EA129803CA60016702F /* BaseModulePresenter.swift */; };
		A5A15EA82980459F0016702F /* BaseModuleRouter.swift in Sources */ = {isa = PBXBuildFile; fileRef = A5A15EA72980459F0016702F /* BaseModuleRouter.swift */; };
		A5A15EA92980459F0016702F /* BaseModuleRouter.swift in Sources */ = {isa = PBXBuildFile; fileRef = A5A15EA72980459F0016702F /* BaseModuleRouter.swift */; };
		A5A15EAB298045E30016702F /* ModuleTransition.swift in Sources */ = {isa = PBXBuildFile; fileRef = A5A15EAA298045E30016702F /* ModuleTransition.swift */; };
		A5A15EAC298045E30016702F /* ModuleTransition.swift in Sources */ = {isa = PBXBuildFile; fileRef = A5A15EAA298045E30016702F /* ModuleTransition.swift */; };
		A5A15EB9298047600016702F /* HomeViewController.swift in Sources */ = {isa = PBXBuildFile; fileRef = A5A15EB8298047600016702F /* HomeViewController.swift */; };
		A5A15EBA298047600016702F /* HomeViewController.swift in Sources */ = {isa = PBXBuildFile; fileRef = A5A15EB8298047600016702F /* HomeViewController.swift */; };
		A5A15EBF298049FD0016702F /* SceneDelegate.swift in Sources */ = {isa = PBXBuildFile; fileRef = A5A15EBE298049FD0016702F /* SceneDelegate.swift */; };
		A5A15EC0298049FD0016702F /* SceneDelegate.swift in Sources */ = {isa = PBXBuildFile; fileRef = A5A15EBE298049FD0016702F /* SceneDelegate.swift */; };
		A5A215A929804DB7008A469B /* HomeAssembly.swift in Sources */ = {isa = PBXBuildFile; fileRef = A5A215A829804DB7008A469B /* HomeAssembly.swift */; };
		A5A215AE2981221F008A469B /* HomeInteractor.swift in Sources */ = {isa = PBXBuildFile; fileRef = A5A215AD2981221F008A469B /* HomeInteractor.swift */; };
		A5A215B02981494F008A469B /* HomePresenter.swift in Sources */ = {isa = PBXBuildFile; fileRef = A5A215AF2981494F008A469B /* HomePresenter.swift */; };
		A5A215B229814A56008A469B /* HomeRouter.swift in Sources */ = {isa = PBXBuildFile; fileRef = A5A215B129814A56008A469B /* HomeRouter.swift */; };
/* End PBXBuildFile section */

/* Begin PBXContainerItemProxy section */
		A5765651297EDBA300FEDC5A /* PBXContainerItemProxy */ = {
			isa = PBXContainerItemProxy;
			containerPortal = A576562F297EDBA100FEDC5A /* Project object */;
			proxyType = 1;
			remoteGlobalIDString = A5765636297EDBA100FEDC5A;
			remoteInfo = ExchangeConverter;
		};
		A576565B297EDBA300FEDC5A /* PBXContainerItemProxy */ = {
			isa = PBXContainerItemProxy;
			containerPortal = A576562F297EDBA100FEDC5A /* Project object */;
			proxyType = 1;
			remoteGlobalIDString = A5765636297EDBA100FEDC5A;
			remoteInfo = ExchangeConverter;
		};
/* End PBXContainerItemProxy section */

/* Begin PBXFileReference section */
		A5765637297EDBA100FEDC5A /* ExchangeConverter.app */ = {isa = PBXFileReference; explicitFileType = wrapper.application; includeInIndex = 0; path = ExchangeConverter.app; sourceTree = BUILT_PRODUCTS_DIR; };
		A576563A297EDBA100FEDC5A /* AppDelegate.swift */ = {isa = PBXFileReference; lastKnownFileType = sourcecode.swift; path = AppDelegate.swift; sourceTree = "<group>"; };
		A5765641297EDBA100FEDC5A /* Base */ = {isa = PBXFileReference; lastKnownFileType = file.storyboard; name = Base; path = Base.lproj/Main.storyboard; sourceTree = "<group>"; };
		A5765644297EDBA100FEDC5A /* ExchangeConverter.xcdatamodel */ = {isa = PBXFileReference; lastKnownFileType = wrapper.xcdatamodel; path = ExchangeConverter.xcdatamodel; sourceTree = "<group>"; };
		A5765646297EDBA300FEDC5A /* Assets.xcassets */ = {isa = PBXFileReference; lastKnownFileType = folder.assetcatalog; path = Assets.xcassets; sourceTree = "<group>"; };
		A5765649297EDBA300FEDC5A /* Base */ = {isa = PBXFileReference; lastKnownFileType = file.storyboard; name = Base; path = Base.lproj/LaunchScreen.storyboard; sourceTree = "<group>"; };
		A576564B297EDBA300FEDC5A /* Info.plist */ = {isa = PBXFileReference; lastKnownFileType = text.plist.xml; path = Info.plist; sourceTree = "<group>"; };
		A5765650297EDBA300FEDC5A /* ExchangeConverterTests.xctest */ = {isa = PBXFileReference; explicitFileType = wrapper.cfbundle; includeInIndex = 0; path = ExchangeConverterTests.xctest; sourceTree = BUILT_PRODUCTS_DIR; };
		A5765654297EDBA300FEDC5A /* ExchangeConverterTests.swift */ = {isa = PBXFileReference; lastKnownFileType = sourcecode.swift; path = ExchangeConverterTests.swift; sourceTree = "<group>"; };
		A576565A297EDBA300FEDC5A /* ExchangeConverterUITests.xctest */ = {isa = PBXFileReference; explicitFileType = wrapper.cfbundle; includeInIndex = 0; path = ExchangeConverterUITests.xctest; sourceTree = BUILT_PRODUCTS_DIR; };
		A576565E297EDBA300FEDC5A /* ExchangeConverterUITests.swift */ = {isa = PBXFileReference; lastKnownFileType = sourcecode.swift; path = ExchangeConverterUITests.swift; sourceTree = "<group>"; };
		A5765660297EDBA300FEDC5A /* ExchangeConverterUITestsLaunchTests.swift */ = {isa = PBXFileReference; lastKnownFileType = sourcecode.swift; path = ExchangeConverterUITestsLaunchTests.swift; sourceTree = "<group>"; };
		A5A15E9829802A350016702F /* RootWireframeInterface.swift */ = {isa = PBXFileReference; lastKnownFileType = sourcecode.swift; path = RootWireframeInterface.swift; sourceTree = "<group>"; };
		A5A15E9B29802BA30016702F /* BaseViewController.swift */ = {isa = PBXFileReference; lastKnownFileType = sourcecode.swift; path = BaseViewController.swift; sourceTree = "<group>"; };
		A5A15E9E29803BB10016702F /* BaseModuleInteractor.swift */ = {isa = PBXFileReference; lastKnownFileType = sourcecode.swift; path = BaseModuleInteractor.swift; sourceTree = "<group>"; };
		A5A15EA129803CA60016702F /* BaseModulePresenter.swift */ = {isa = PBXFileReference; lastKnownFileType = sourcecode.swift; path = BaseModulePresenter.swift; sourceTree = "<group>"; };
		A5A15EA72980459F0016702F /* BaseModuleRouter.swift */ = {isa = PBXFileReference; lastKnownFileType = sourcecode.swift; path = BaseModuleRouter.swift; sourceTree = "<group>"; };
		A5A15EAA298045E30016702F /* ModuleTransition.swift */ = {isa = PBXFileReference; lastKnownFileType = sourcecode.swift; path = ModuleTransition.swift; sourceTree = "<group>"; };
		A5A15EB8298047600016702F /* HomeViewController.swift */ = {isa = PBXFileReference; lastKnownFileType = sourcecode.swift; path = HomeViewController.swift; sourceTree = "<group>"; };
		A5A15EBE298049FD0016702F /* SceneDelegate.swift */ = {isa = PBXFileReference; fileEncoding = 4; lastKnownFileType = sourcecode.swift; name = SceneDelegate.swift; path = ExchangeConverter/SceneDelegate.swift; sourceTree = SOURCE_ROOT; };
		A5A215A829804DB7008A469B /* HomeAssembly.swift */ = {isa = PBXFileReference; lastKnownFileType = sourcecode.swift; path = HomeAssembly.swift; sourceTree = "<group>"; };
		A5A215AD2981221F008A469B /* HomeInteractor.swift */ = {isa = PBXFileReference; lastKnownFileType = sourcecode.swift; path = HomeInteractor.swift; sourceTree = "<group>"; };
		A5A215AF2981494F008A469B /* HomePresenter.swift */ = {isa = PBXFileReference; lastKnownFileType = sourcecode.swift; path = HomePresenter.swift; sourceTree = "<group>"; };
		A5A215B129814A56008A469B /* HomeRouter.swift */ = {isa = PBXFileReference; lastKnownFileType = sourcecode.swift; path = HomeRouter.swift; sourceTree = "<group>"; };
/* End PBXFileReference section */

/* Begin PBXFrameworksBuildPhase section */
		A5765634297EDBA100FEDC5A /* Frameworks */ = {
			isa = PBXFrameworksBuildPhase;
			buildActionMask = 2147483647;
			files = (
			);
			runOnlyForDeploymentPostprocessing = 0;
		};
		A576564D297EDBA300FEDC5A /* Frameworks */ = {
			isa = PBXFrameworksBuildPhase;
			buildActionMask = 2147483647;
			files = (
			);
			runOnlyForDeploymentPostprocessing = 0;
		};
		A5765657297EDBA300FEDC5A /* Frameworks */ = {
			isa = PBXFrameworksBuildPhase;
			buildActionMask = 2147483647;
			files = (
			);
			runOnlyForDeploymentPostprocessing = 0;
		};
/* End PBXFrameworksBuildPhase section */

/* Begin PBXGroup section */
		A576562E297EDBA100FEDC5A = {
			isa = PBXGroup;
			children = (
				A5765639297EDBA100FEDC5A /* ExchangeConverter */,
				A5765653297EDBA300FEDC5A /* ExchangeConverterTests */,
				A576565D297EDBA300FEDC5A /* ExchangeConverterUITests */,
				A5765638297EDBA100FEDC5A /* Products */,
			);
			sourceTree = "<group>";
		};
		A5765638297EDBA100FEDC5A /* Products */ = {
			isa = PBXGroup;
			children = (
				A5765637297EDBA100FEDC5A /* ExchangeConverter.app */,
				A5765650297EDBA300FEDC5A /* ExchangeConverterTests.xctest */,
				A576565A297EDBA300FEDC5A /* ExchangeConverterUITests.xctest */,
			);
			name = Products;
			sourceTree = "<group>";
		};
		A5765639297EDBA100FEDC5A /* ExchangeConverter */ = {
			isa = PBXGroup;
			children = (
				A5765648297EDBA300FEDC5A /* LaunchScreen.storyboard */,
				A576564B297EDBA300FEDC5A /* Info.plist */,
				A5765643297EDBA100FEDC5A /* ExchangeConverter.xcdatamodeld */,
				A5765646297EDBA300FEDC5A /* Assets.xcassets */,
				A5A15E8F2980297E0016702F /* Application */,
				A5A15E9629802A090016702F /* Modules */,
				A5A15EBB298047940016702F /* Services */,
				A5A15EB3298047020016702F /* UI */,
			);
			path = ExchangeConverter;
			sourceTree = "<group>";
		};
		A5765653297EDBA300FEDC5A /* ExchangeConverterTests */ = {
			isa = PBXGroup;
			children = (
				A5765654297EDBA300FEDC5A /* ExchangeConverterTests.swift */,
			);
			path = ExchangeConverterTests;
			sourceTree = "<group>";
		};
		A576565D297EDBA300FEDC5A /* ExchangeConverterUITests */ = {
			isa = PBXGroup;
			children = (
				A576565E297EDBA300FEDC5A /* ExchangeConverterUITests.swift */,
				A5765660297EDBA300FEDC5A /* ExchangeConverterUITestsLaunchTests.swift */,
			);
			path = ExchangeConverterUITests;
			sourceTree = "<group>";
		};
		A5A15E8F2980297E0016702F /* Application */ = {
			isa = PBXGroup;
			children = (
				A576563A297EDBA100FEDC5A /* AppDelegate.swift */,
				A5A15EBE298049FD0016702F /* SceneDelegate.swift */,
			);
			path = Application;
			sourceTree = "<group>";
		};
		A5A15E9629802A090016702F /* Modules */ = {
			isa = PBXGroup;
			children = (
				A5A15E9729802A1B0016702F /* Base */,
				A5A15EAD2980465D0016702F /* Home */,
			);
			path = Modules;
			sourceTree = "<group>";
		};
		A5A15E9729802A1B0016702F /* Base */ = {
			isa = PBXGroup;
			children = (
				A5A15E9829802A350016702F /* RootWireframeInterface.swift */,
				A5A15E9B29802BA30016702F /* BaseViewController.swift */,
				A5A15E9E29803BB10016702F /* BaseModuleInteractor.swift */,
				A5A15EA129803CA60016702F /* BaseModulePresenter.swift */,
				A5A15EA72980459F0016702F /* BaseModuleRouter.swift */,
				A5A15EAA298045E30016702F /* ModuleTransition.swift */,
			);
			path = Base;
			sourceTree = "<group>";
		};
		A5A15EAD2980465D0016702F /* Home */ = {
			isa = PBXGroup;
			children = (
				A5A215AA2980E90E008A469B /* Router */,
				A5A15EAE2980466D0016702F /* Interactor */,
				A5A15EB0298046900016702F /* Presenter */,
				A5A15EB12980469E0016702F /* View */,
				A5A15EB2298046A50016702F /* Assembly */,
			);
			path = Home;
			sourceTree = "<group>";
		};
		A5A15EAE2980466D0016702F /* Interactor */ = {
			isa = PBXGroup;
			children = (
				A5A215AD2981221F008A469B /* HomeInteractor.swift */,
			);
			path = Interactor;
			sourceTree = "<group>";
		};
		A5A15EB0298046900016702F /* Presenter */ = {
			isa = PBXGroup;
			children = (
				A5A215AF2981494F008A469B /* HomePresenter.swift */,
			);
			path = Presenter;
			sourceTree = "<group>";
		};
		A5A15EB12980469E0016702F /* View */ = {
			isa = PBXGroup;
			children = (
				A5A15EB8298047600016702F /* HomeViewController.swift */,
			);
			path = View;
			sourceTree = "<group>";
		};
		A5A15EB2298046A50016702F /* Assembly */ = {
			isa = PBXGroup;
			children = (
				A5A215A829804DB7008A469B /* HomeAssembly.swift */,
			);
			path = Assembly;
			sourceTree = "<group>";
		};
		A5A15EB3298047020016702F /* UI */ = {
			isa = PBXGroup;
			children = (
				A5765640297EDBA100FEDC5A /* Main.storyboard */,
			);
			path = UI;
			sourceTree = "<group>";
		};
		A5A15EBB298047940016702F /* Services */ = {
			isa = PBXGroup;
			children = (
			);
			path = Services;
			sourceTree = "<group>";
		};
		A5A215AA2980E90E008A469B /* Router */ = {
			isa = PBXGroup;
			children = (
				A5A215B129814A56008A469B /* HomeRouter.swift */,
			);
			path = Router;
			sourceTree = "<group>";
		};
/* End PBXGroup section */

/* Begin PBXNativeTarget section */
		A5765636297EDBA100FEDC5A /* ExchangeConverter */ = {
			isa = PBXNativeTarget;
			buildConfigurationList = A5765664297EDBA300FEDC5A /* Build configuration list for PBXNativeTarget "ExchangeConverter" */;
			buildPhases = (
				A5765633297EDBA100FEDC5A /* Sources */,
				A5765634297EDBA100FEDC5A /* Frameworks */,
				A5765635297EDBA100FEDC5A /* Resources */,
			);
			buildRules = (
			);
			dependencies = (
			);
			name = ExchangeConverter;
			productName = ExchangeConverter;
			productReference = A5765637297EDBA100FEDC5A /* ExchangeConverter.app */;
			productType = "com.apple.product-type.application";
		};
		A576564F297EDBA300FEDC5A /* ExchangeConverterTests */ = {
			isa = PBXNativeTarget;
			buildConfigurationList = A5765667297EDBA300FEDC5A /* Build configuration list for PBXNativeTarget "ExchangeConverterTests" */;
			buildPhases = (
				A576564C297EDBA300FEDC5A /* Sources */,
				A576564D297EDBA300FEDC5A /* Frameworks */,
				A576564E297EDBA300FEDC5A /* Resources */,
			);
			buildRules = (
			);
			dependencies = (
				A5765652297EDBA300FEDC5A /* PBXTargetDependency */,
			);
			name = ExchangeConverterTests;
			productName = ExchangeConverterTests;
			productReference = A5765650297EDBA300FEDC5A /* ExchangeConverterTests.xctest */;
			productType = "com.apple.product-type.bundle.unit-test";
		};
		A5765659297EDBA300FEDC5A /* ExchangeConverterUITests */ = {
			isa = PBXNativeTarget;
			buildConfigurationList = A576566A297EDBA300FEDC5A /* Build configuration list for PBXNativeTarget "ExchangeConverterUITests" */;
			buildPhases = (
				A5765656297EDBA300FEDC5A /* Sources */,
				A5765657297EDBA300FEDC5A /* Frameworks */,
				A5765658297EDBA300FEDC5A /* Resources */,
			);
			buildRules = (
			);
			dependencies = (
				A576565C297EDBA300FEDC5A /* PBXTargetDependency */,
			);
			name = ExchangeConverterUITests;
			productName = ExchangeConverterUITests;
			productReference = A576565A297EDBA300FEDC5A /* ExchangeConverterUITests.xctest */;
			productType = "com.apple.product-type.bundle.ui-testing";
		};
/* End PBXNativeTarget section */

/* Begin PBXProject section */
		A576562F297EDBA100FEDC5A /* Project object */ = {
			isa = PBXProject;
			attributes = {
				BuildIndependentTargetsInParallel = 1;
				LastSwiftUpdateCheck = 1420;
				LastUpgradeCheck = 1420;
				TargetAttributes = {
					A5765636297EDBA100FEDC5A = {
						CreatedOnToolsVersion = 14.2;
					};
					A576564F297EDBA300FEDC5A = {
						CreatedOnToolsVersion = 14.2;
						TestTargetID = A5765636297EDBA100FEDC5A;
					};
					A5765659297EDBA300FEDC5A = {
						CreatedOnToolsVersion = 14.2;
						TestTargetID = A5765636297EDBA100FEDC5A;
					};
				};
			};
			buildConfigurationList = A5765632297EDBA100FEDC5A /* Build configuration list for PBXProject "ExchangeConverter" */;
			compatibilityVersion = "Xcode 14.0";
			developmentRegion = en;
			hasScannedForEncodings = 0;
			knownRegions = (
				en,
				Base,
			);
			mainGroup = A576562E297EDBA100FEDC5A;
			productRefGroup = A5765638297EDBA100FEDC5A /* Products */;
			projectDirPath = "";
			projectRoot = "";
			targets = (
				A5765636297EDBA100FEDC5A /* ExchangeConverter */,
				A576564F297EDBA300FEDC5A /* ExchangeConverterTests */,
				A5765659297EDBA300FEDC5A /* ExchangeConverterUITests */,
			);
		};
/* End PBXProject section */

/* Begin PBXResourcesBuildPhase section */
		A5765635297EDBA100FEDC5A /* Resources */ = {
			isa = PBXResourcesBuildPhase;
			buildActionMask = 2147483647;
			files = (
				A576564A297EDBA300FEDC5A /* LaunchScreen.storyboard in Resources */,
				A5765647297EDBA300FEDC5A /* Assets.xcassets in Resources */,
				A5765642297EDBA100FEDC5A /* Main.storyboard in Resources */,
			);
			runOnlyForDeploymentPostprocessing = 0;
		};
		A576564E297EDBA300FEDC5A /* Resources */ = {
			isa = PBXResourcesBuildPhase;
			buildActionMask = 2147483647;
			files = (
			);
			runOnlyForDeploymentPostprocessing = 0;
		};
		A5765658297EDBA300FEDC5A /* Resources */ = {
			isa = PBXResourcesBuildPhase;
			buildActionMask = 2147483647;
			files = (
			);
			runOnlyForDeploymentPostprocessing = 0;
		};
/* End PBXResourcesBuildPhase section */

/* Begin PBXSourcesBuildPhase section */
		A5765633297EDBA100FEDC5A /* Sources */ = {
			isa = PBXSourcesBuildPhase;
			buildActionMask = 2147483647;
			files = (
				A5A15E9C29802BA30016702F /* BaseViewController.swift in Sources */,
				A5765645297EDBA100FEDC5A /* ExchangeConverter.xcdatamodeld in Sources */,
				A5A215A929804DB7008A469B /* HomeAssembly.swift in Sources */,
				A5A215AE2981221F008A469B /* HomeInteractor.swift in Sources */,
				A5A15E9929802A350016702F /* RootWireframeInterface.swift in Sources */,
				A5A15EA229803CA60016702F /* BaseModulePresenter.swift in Sources */,
				A5A15EA82980459F0016702F /* BaseModuleRouter.swift in Sources */,
				A5A15EB9298047600016702F /* HomeViewController.swift in Sources */,
				A576563B297EDBA100FEDC5A /* AppDelegate.swift in Sources */,
				A5A215B229814A56008A469B /* HomeRouter.swift in Sources */,
				A5A215B02981494F008A469B /* HomePresenter.swift in Sources */,
				A5A15E9F29803BB10016702F /* BaseModuleInteractor.swift in Sources */,
				A5A15EAB298045E30016702F /* ModuleTransition.swift in Sources */,
				A5A15EBF298049FD0016702F /* SceneDelegate.swift in Sources */,
			);
			runOnlyForDeploymentPostprocessing = 0;
		};
		A576564C297EDBA300FEDC5A /* Sources */ = {
			isa = PBXSourcesBuildPhase;
			buildActionMask = 2147483647;
			files = (
				A5A15E9D29802BA30016702F /* BaseViewController.swift in Sources */,
				A5A15EA92980459F0016702F /* BaseModuleRouter.swift in Sources */,
				A5A15E9A29802A350016702F /* RootWireframeInterface.swift in Sources */,
				A5A15EBA298047600016702F /* HomeViewController.swift in Sources */,
				A5A15EAC298045E30016702F /* ModuleTransition.swift in Sources */,
				A5A15EC0298049FD0016702F /* SceneDelegate.swift in Sources */,
				A5765655297EDBA300FEDC5A /* ExchangeConverterTests.swift in Sources */,
				A5A15EA029803BB10016702F /* BaseModuleInteractor.swift in Sources */,
				A5A15EA329803CA60016702F /* BaseModulePresenter.swift in Sources */,
			);
			runOnlyForDeploymentPostprocessing = 0;
		};
		A5765656297EDBA300FEDC5A /* Sources */ = {
			isa = PBXSourcesBuildPhase;
			buildActionMask = 2147483647;
			files = (
				A5765661297EDBA300FEDC5A /* ExchangeConverterUITestsLaunchTests.swift in Sources */,
				A576565F297EDBA300FEDC5A /* ExchangeConverterUITests.swift in Sources */,
			);
			runOnlyForDeploymentPostprocessing = 0;
		};
/* End PBXSourcesBuildPhase section */

/* Begin PBXTargetDependency section */
		A5765652297EDBA300FEDC5A /* PBXTargetDependency */ = {
			isa = PBXTargetDependency;
			target = A5765636297EDBA100FEDC5A /* ExchangeConverter */;
			targetProxy = A5765651297EDBA300FEDC5A /* PBXContainerItemProxy */;
		};
		A576565C297EDBA300FEDC5A /* PBXTargetDependency */ = {
			isa = PBXTargetDependency;
			target = A5765636297EDBA100FEDC5A /* ExchangeConverter */;
			targetProxy = A576565B297EDBA300FEDC5A /* PBXContainerItemProxy */;
		};
/* End PBXTargetDependency section */

/* Begin PBXVariantGroup section */
		A5765640297EDBA100FEDC5A /* Main.storyboard */ = {
			isa = PBXVariantGroup;
			children = (
				A5765641297EDBA100FEDC5A /* Base */,
			);
			name = Main.storyboard;
			sourceTree = "<group>";
		};
		A5765648297EDBA300FEDC5A /* LaunchScreen.storyboard */ = {
			isa = PBXVariantGroup;
			children = (
				A5765649297EDBA300FEDC5A /* Base */,
			);
			name = LaunchScreen.storyboard;
			sourceTree = "<group>";
		};
/* End PBXVariantGroup section */

/* Begin XCBuildConfiguration section */
		A5765662297EDBA300FEDC5A /* Debug */ = {
			isa = XCBuildConfiguration;
			buildSettings = {
				ALWAYS_SEARCH_USER_PATHS = NO;
				CLANG_ANALYZER_NONNULL = YES;
				CLANG_ANALYZER_NUMBER_OBJECT_CONVERSION = YES_AGGRESSIVE;
				CLANG_CXX_LANGUAGE_STANDARD = "gnu++20";
				CLANG_ENABLE_MODULES = YES;
				CLANG_ENABLE_OBJC_ARC = YES;
				CLANG_ENABLE_OBJC_WEAK = YES;
				CLANG_WARN_BLOCK_CAPTURE_AUTORELEASING = YES;
				CLANG_WARN_BOOL_CONVERSION = YES;
				CLANG_WARN_COMMA = YES;
				CLANG_WARN_CONSTANT_CONVERSION = YES;
				CLANG_WARN_DEPRECATED_OBJC_IMPLEMENTATIONS = YES;
				CLANG_WARN_DIRECT_OBJC_ISA_USAGE = YES_ERROR;
				CLANG_WARN_DOCUMENTATION_COMMENTS = YES;
				CLANG_WARN_EMPTY_BODY = YES;
				CLANG_WARN_ENUM_CONVERSION = YES;
				CLANG_WARN_INFINITE_RECURSION = YES;
				CLANG_WARN_INT_CONVERSION = YES;
				CLANG_WARN_NON_LITERAL_NULL_CONVERSION = YES;
				CLANG_WARN_OBJC_IMPLICIT_RETAIN_SELF = YES;
				CLANG_WARN_OBJC_LITERAL_CONVERSION = YES;
				CLANG_WARN_OBJC_ROOT_CLASS = YES_ERROR;
				CLANG_WARN_QUOTED_INCLUDE_IN_FRAMEWORK_HEADER = YES;
				CLANG_WARN_RANGE_LOOP_ANALYSIS = YES;
				CLANG_WARN_STRICT_PROTOTYPES = YES;
				CLANG_WARN_SUSPICIOUS_MOVE = YES;
				CLANG_WARN_UNGUARDED_AVAILABILITY = YES_AGGRESSIVE;
				CLANG_WARN_UNREACHABLE_CODE = YES;
				CLANG_WARN__DUPLICATE_METHOD_MATCH = YES;
				COPY_PHASE_STRIP = NO;
				DEBUG_INFORMATION_FORMAT = dwarf;
				ENABLE_STRICT_OBJC_MSGSEND = YES;
				ENABLE_TESTABILITY = YES;
				GCC_C_LANGUAGE_STANDARD = gnu11;
				GCC_DYNAMIC_NO_PIC = NO;
				GCC_NO_COMMON_BLOCKS = YES;
				GCC_OPTIMIZATION_LEVEL = 0;
				GCC_PREPROCESSOR_DEFINITIONS = (
					"DEBUG=1",
					"$(inherited)",
				);
				GCC_WARN_64_TO_32_BIT_CONVERSION = YES;
				GCC_WARN_ABOUT_RETURN_TYPE = YES_ERROR;
				GCC_WARN_UNDECLARED_SELECTOR = YES;
				GCC_WARN_UNINITIALIZED_AUTOS = YES_AGGRESSIVE;
				GCC_WARN_UNUSED_FUNCTION = YES;
				GCC_WARN_UNUSED_VARIABLE = YES;
				IPHONEOS_DEPLOYMENT_TARGET = 16.2;
				MTL_ENABLE_DEBUG_INFO = INCLUDE_SOURCE;
				MTL_FAST_MATH = YES;
				ONLY_ACTIVE_ARCH = YES;
				SDKROOT = iphoneos;
				SWIFT_ACTIVE_COMPILATION_CONDITIONS = DEBUG;
				SWIFT_OPTIMIZATION_LEVEL = "-Onone";
			};
			name = Debug;
		};
		A5765663297EDBA300FEDC5A /* Release */ = {
			isa = XCBuildConfiguration;
			buildSettings = {
				ALWAYS_SEARCH_USER_PATHS = NO;
				CLANG_ANALYZER_NONNULL = YES;
				CLANG_ANALYZER_NUMBER_OBJECT_CONVERSION = YES_AGGRESSIVE;
				CLANG_CXX_LANGUAGE_STANDARD = "gnu++20";
				CLANG_ENABLE_MODULES = YES;
				CLANG_ENABLE_OBJC_ARC = YES;
				CLANG_ENABLE_OBJC_WEAK = YES;
				CLANG_WARN_BLOCK_CAPTURE_AUTORELEASING = YES;
				CLANG_WARN_BOOL_CONVERSION = YES;
				CLANG_WARN_COMMA = YES;
				CLANG_WARN_CONSTANT_CONVERSION = YES;
				CLANG_WARN_DEPRECATED_OBJC_IMPLEMENTATIONS = YES;
				CLANG_WARN_DIRECT_OBJC_ISA_USAGE = YES_ERROR;
				CLANG_WARN_DOCUMENTATION_COMMENTS = YES;
				CLANG_WARN_EMPTY_BODY = YES;
				CLANG_WARN_ENUM_CONVERSION = YES;
				CLANG_WARN_INFINITE_RECURSION = YES;
				CLANG_WARN_INT_CONVERSION = YES;
				CLANG_WARN_NON_LITERAL_NULL_CONVERSION = YES;
				CLANG_WARN_OBJC_IMPLICIT_RETAIN_SELF = YES;
				CLANG_WARN_OBJC_LITERAL_CONVERSION = YES;
				CLANG_WARN_OBJC_ROOT_CLASS = YES_ERROR;
				CLANG_WARN_QUOTED_INCLUDE_IN_FRAMEWORK_HEADER = YES;
				CLANG_WARN_RANGE_LOOP_ANALYSIS = YES;
				CLANG_WARN_STRICT_PROTOTYPES = YES;
				CLANG_WARN_SUSPICIOUS_MOVE = YES;
				CLANG_WARN_UNGUARDED_AVAILABILITY = YES_AGGRESSIVE;
				CLANG_WARN_UNREACHABLE_CODE = YES;
				CLANG_WARN__DUPLICATE_METHOD_MATCH = YES;
				COPY_PHASE_STRIP = NO;
				DEBUG_INFORMATION_FORMAT = "dwarf-with-dsym";
				ENABLE_NS_ASSERTIONS = NO;
				ENABLE_STRICT_OBJC_MSGSEND = YES;
				GCC_C_LANGUAGE_STANDARD = gnu11;
				GCC_NO_COMMON_BLOCKS = YES;
				GCC_WARN_64_TO_32_BIT_CONVERSION = YES;
				GCC_WARN_ABOUT_RETURN_TYPE = YES_ERROR;
				GCC_WARN_UNDECLARED_SELECTOR = YES;
				GCC_WARN_UNINITIALIZED_AUTOS = YES_AGGRESSIVE;
				GCC_WARN_UNUSED_FUNCTION = YES;
				GCC_WARN_UNUSED_VARIABLE = YES;
				IPHONEOS_DEPLOYMENT_TARGET = 16.2;
				MTL_ENABLE_DEBUG_INFO = NO;
				MTL_FAST_MATH = YES;
				SDKROOT = iphoneos;
				SWIFT_COMPILATION_MODE = wholemodule;
				SWIFT_OPTIMIZATION_LEVEL = "-O";
				VALIDATE_PRODUCT = YES;
			};
			name = Release;
		};
		A5765665297EDBA300FEDC5A /* Debug */ = {
			isa = XCBuildConfiguration;
			buildSettings = {
				ASSETCATALOG_COMPILER_APPICON_NAME = AppIcon;
				ASSETCATALOG_COMPILER_GLOBAL_ACCENT_COLOR_NAME = AccentColor;
				CODE_SIGN_STYLE = Automatic;
				CURRENT_PROJECT_VERSION = 1;
				DEVELOPMENT_TEAM = 456E6NNKP2;
				GENERATE_INFOPLIST_FILE = YES;
				INFOPLIST_FILE = ExchangeConverter/Info.plist;
				INFOPLIST_KEY_UIApplicationSupportsIndirectInputEvents = YES;
				INFOPLIST_KEY_UILaunchStoryboardName = LaunchScreen;
				INFOPLIST_KEY_UIMainStoryboardFile = Main;
				INFOPLIST_KEY_UISupportedInterfaceOrientations = UIInterfaceOrientationPortrait;
				INFOPLIST_KEY_UISupportedInterfaceOrientations_iPad = "UIInterfaceOrientationPortrait UIInterfaceOrientationPortraitUpsideDown";
				IPHONEOS_DEPLOYMENT_TARGET = 15.0;
				LD_RUNPATH_SEARCH_PATHS = (
					"$(inherited)",
					"@executable_path/Frameworks",
				);
				MARKETING_VERSION = 1.0;
				PRODUCT_BUNDLE_IDENTIFIER = BaluTutorials.ExchangeConverter;
				PRODUCT_NAME = "$(TARGET_NAME)";
				SWIFT_EMIT_LOC_STRINGS = YES;
				SWIFT_VERSION = 5.0;
				TARGETED_DEVICE_FAMILY = "1,2";
			};
			name = Debug;
		};
		A5765666297EDBA300FEDC5A /* Release */ = {
			isa = XCBuildConfiguration;
			buildSettings = {
				ASSETCATALOG_COMPILER_APPICON_NAME = AppIcon;
				ASSETCATALOG_COMPILER_GLOBAL_ACCENT_COLOR_NAME = AccentColor;
				CODE_SIGN_STYLE = Automatic;
				CURRENT_PROJECT_VERSION = 1;
				DEVELOPMENT_TEAM = 456E6NNKP2;
				GENERATE_INFOPLIST_FILE = YES;
				INFOPLIST_FILE = ExchangeConverter/Info.plist;
				INFOPLIST_KEY_UIApplicationSupportsIndirectInputEvents = YES;
				INFOPLIST_KEY_UILaunchStoryboardName = LaunchScreen;
				INFOPLIST_KEY_UIMainStoryboardFile = Main;
				INFOPLIST_KEY_UISupportedInterfaceOrientations = UIInterfaceOrientationPortrait;
				INFOPLIST_KEY_UISupportedInterfaceOrientations_iPad = "UIInterfaceOrientationPortrait UIInterfaceOrientationPortraitUpsideDown";
				IPHONEOS_DEPLOYMENT_TARGET = 15.0;
				LD_RUNPATH_SEARCH_PATHS = (
					"$(inherited)",
					"@executable_path/Frameworks",
				);
				MARKETING_VERSION = 1.0;
				PRODUCT_BUNDLE_IDENTIFIER = BaluTutorials.ExchangeConverter;
				PRODUCT_NAME = "$(TARGET_NAME)";
				SWIFT_EMIT_LOC_STRINGS = YES;
				SWIFT_VERSION = 5.0;
				TARGETED_DEVICE_FAMILY = "1,2";
			};
			name = Release;
		};
		A5765668297EDBA300FEDC5A /* Debug */ = {
			isa = XCBuildConfiguration;
			buildSettings = {
				ALWAYS_EMBED_SWIFT_STANDARD_LIBRARIES = YES;
				BUNDLE_LOADER = "$(TEST_HOST)";
				CODE_SIGN_STYLE = Automatic;
				CURRENT_PROJECT_VERSION = 1;
				DEVELOPMENT_TEAM = 456E6NNKP2;
				GENERATE_INFOPLIST_FILE = YES;
				IPHONEOS_DEPLOYMENT_TARGET = 16.2;
				MARKETING_VERSION = 1.0;
				PRODUCT_BUNDLE_IDENTIFIER = BaluTutorials.ExchangeConverterTests;
				PRODUCT_NAME = "$(TARGET_NAME)";
				SWIFT_EMIT_LOC_STRINGS = NO;
				SWIFT_VERSION = 5.0;
				TARGETED_DEVICE_FAMILY = "1,2";
				TEST_HOST = "$(BUILT_PRODUCTS_DIR)/ExchangeConverter.app/$(BUNDLE_EXECUTABLE_FOLDER_PATH)/ExchangeConverter";
			};
			name = Debug;
		};
		A5765669297EDBA300FEDC5A /* Release */ = {
			isa = XCBuildConfiguration;
			buildSettings = {
				ALWAYS_EMBED_SWIFT_STANDARD_LIBRARIES = YES;
				BUNDLE_LOADER = "$(TEST_HOST)";
				CODE_SIGN_STYLE = Automatic;
				CURRENT_PROJECT_VERSION = 1;
				DEVELOPMENT_TEAM = 456E6NNKP2;
				GENERATE_INFOPLIST_FILE = YES;
				IPHONEOS_DEPLOYMENT_TARGET = 16.2;
				MARKETING_VERSION = 1.0;
				PRODUCT_BUNDLE_IDENTIFIER = BaluTutorials.ExchangeConverterTests;
				PRODUCT_NAME = "$(TARGET_NAME)";
				SWIFT_EMIT_LOC_STRINGS = NO;
				SWIFT_VERSION = 5.0;
				TARGETED_DEVICE_FAMILY = "1,2";
				TEST_HOST = "$(BUILT_PRODUCTS_DIR)/ExchangeConverter.app/$(BUNDLE_EXECUTABLE_FOLDER_PATH)/ExchangeConverter";
			};
			name = Release;
		};
		A576566B297EDBA300FEDC5A /* Debug */ = {
			isa = XCBuildConfiguration;
			buildSettings = {
				ALWAYS_EMBED_SWIFT_STANDARD_LIBRARIES = YES;
				CODE_SIGN_STYLE = Automatic;
				CURRENT_PROJECT_VERSION = 1;
				DEVELOPMENT_TEAM = 456E6NNKP2;
				GENERATE_INFOPLIST_FILE = YES;
				MARKETING_VERSION = 1.0;
				PRODUCT_BUNDLE_IDENTIFIER = BaluTutorials.ExchangeConverterUITests;
				PRODUCT_NAME = "$(TARGET_NAME)";
				SWIFT_EMIT_LOC_STRINGS = NO;
				SWIFT_VERSION = 5.0;
				TARGETED_DEVICE_FAMILY = "1,2";
				TEST_TARGET_NAME = ExchangeConverter;
			};
			name = Debug;
		};
		A576566C297EDBA300FEDC5A /* Release */ = {
			isa = XCBuildConfiguration;
			buildSettings = {
				ALWAYS_EMBED_SWIFT_STANDARD_LIBRARIES = YES;
				CODE_SIGN_STYLE = Automatic;
				CURRENT_PROJECT_VERSION = 1;
				DEVELOPMENT_TEAM = 456E6NNKP2;
				GENERATE_INFOPLIST_FILE = YES;
				MARKETING_VERSION = 1.0;
				PRODUCT_BUNDLE_IDENTIFIER = BaluTutorials.ExchangeConverterUITests;
				PRODUCT_NAME = "$(TARGET_NAME)";
				SWIFT_EMIT_LOC_STRINGS = NO;
				SWIFT_VERSION = 5.0;
				TARGETED_DEVICE_FAMILY = "1,2";
				TEST_TARGET_NAME = ExchangeConverter;
			};
			name = Release;
		};
/* End XCBuildConfiguration section */

/* Begin XCConfigurationList section */
		A5765632297EDBA100FEDC5A /* Build configuration list for PBXProject "ExchangeConverter" */ = {
			isa = XCConfigurationList;
			buildConfigurations = (
				A5765662297EDBA300FEDC5A /* Debug */,
				A5765663297EDBA300FEDC5A /* Release */,
			);
			defaultConfigurationIsVisible = 0;
			defaultConfigurationName = Release;
		};
		A5765664297EDBA300FEDC5A /* Build configuration list for PBXNativeTarget "ExchangeConverter" */ = {
			isa = XCConfigurationList;
			buildConfigurations = (
				A5765665297EDBA300FEDC5A /* Debug */,
				A5765666297EDBA300FEDC5A /* Release */,
			);
			defaultConfigurationIsVisible = 0;
			defaultConfigurationName = Release;
		};
		A5765667297EDBA300FEDC5A /* Build configuration list for PBXNativeTarget "ExchangeConverterTests" */ = {
			isa = XCConfigurationList;
			buildConfigurations = (
				A5765668297EDBA300FEDC5A /* Debug */,
				A5765669297EDBA300FEDC5A /* Release */,
			);
			defaultConfigurationIsVisible = 0;
			defaultConfigurationName = Release;
		};
		A576566A297EDBA300FEDC5A /* Build configuration list for PBXNativeTarget "ExchangeConverterUITests" */ = {
			isa = XCConfigurationList;
			buildConfigurations = (
				A576566B297EDBA300FEDC5A /* Debug */,
				A576566C297EDBA300FEDC5A /* Release */,
			);
			defaultConfigurationIsVisible = 0;
			defaultConfigurationName = Release;
		};
/* End XCConfigurationList section */

/* Begin XCVersionGroup section */
		A5765643297EDBA100FEDC5A /* ExchangeConverter.xcdatamodeld */ = {
			isa = XCVersionGroup;
			children = (
				A5765644297EDBA100FEDC5A /* ExchangeConverter.xcdatamodel */,
			);
			currentVersion = A5765644297EDBA100FEDC5A /* ExchangeConverter.xcdatamodel */;
			path = ExchangeConverter.xcdatamodeld;
			sourceTree = "<group>";
			versionGroupType = wrapper.xcdatamodel;
		};
/* End XCVersionGroup section */
	};
	rootObject = A576562F297EDBA100FEDC5A /* Project object */;
}
