// !$*UTF8*$!
{
	archiveVersion = 1;
	classes = {
	};
	objectVersion = 56;
	objects = {

/* Begin PBXBuildFile section */
		A576563B297EDBA100FEDC5A /* AppDelegate.swift in Sources */ = {isa = PBXBuildFile; fileRef = A576563A297EDBA100FEDC5A /* AppDelegate.swift */; };
		A5765645297EDBA100FEDC5A /* ExchangeConverter.xcdatamodeld in Sources */ = {isa = PBXBuildFile; fileRef = A5765643297EDBA100FEDC5A /* ExchangeConverter.xcdatamodeld */; };
		A5765647297EDBA300FEDC5A /* Assets.xcassets in Resources */ = {isa = PBXBuildFile; fileRef = A5765646297EDBA300FEDC5A /* Assets.xcassets */; };
		A576564A297EDBA300FEDC5A /* LaunchScreen.storyboard in Resources */ = {isa = PBXBuildFile; fileRef = A5765648297EDBA300FEDC5A /* LaunchScreen.storyboard */; };
		A5765655297EDBA300FEDC5A /* ExchangeConverterTests.swift in Sources */ = {isa = PBXBuildFile; fileRef = A5765654297EDBA300FEDC5A /* ExchangeConverterTests.swift */; };
		A59C7A262986CCB400E9E3F3 /* HomeConnectorTest.swift in Sources */ = {isa = PBXBuildFile; fileRef = A59C7A252986CCB400E9E3F3 /* HomeConnectorTest.swift */; };
		A59C7A292986D18B00E9E3F3 /* CoreData.framework in Frameworks */ = {isa = PBXBuildFile; fileRef = A59C7A282986D18B00E9E3F3 /* CoreData.framework */; };
		A59C7A2B2986D19700E9E3F3 /* CoreData.framework in Frameworks */ = {isa = PBXBuildFile; fileRef = A59C7A2A2986D19700E9E3F3 /* CoreData.framework */; };
		A59C7A2E2986FA4A00E9E3F3 /* PairConversion+CoreDataClass.swift in Sources */ = {isa = PBXBuildFile; fileRef = A59C7A2C2986FA4A00E9E3F3 /* PairConversion+CoreDataClass.swift */; };
		A59C7A2F2986FA4A00E9E3F3 /* PairConversion+CoreDataProperties.swift in Sources */ = {isa = PBXBuildFile; fileRef = A59C7A2D2986FA4A00E9E3F3 /* PairConversion+CoreDataProperties.swift */; };
		A59C7A322986FC1200E9E3F3 /* PairConversionModel.swift in Sources */ = {isa = PBXBuildFile; fileRef = A59C7A312986FC1200E9E3F3 /* PairConversionModel.swift */; };
		A59C7A332987136500E9E3F3 /* PairConversionModel.swift in Sources */ = {isa = PBXBuildFile; fileRef = A59C7A312986FC1200E9E3F3 /* PairConversionModel.swift */; };
		A59C7A342987137300E9E3F3 /* PairConversion+CoreDataClass.swift in Sources */ = {isa = PBXBuildFile; fileRef = A59C7A2C2986FA4A00E9E3F3 /* PairConversion+CoreDataClass.swift */; };
		A59C7A352987137700E9E3F3 /* PairConversion+CoreDataProperties.swift in Sources */ = {isa = PBXBuildFile; fileRef = A59C7A2D2986FA4A00E9E3F3 /* PairConversion+CoreDataProperties.swift */; };
		A5A15E9929802A350016702F /* RootWireframeInterface.swift in Sources */ = {isa = PBXBuildFile; fileRef = A5A15E9829802A350016702F /* RootWireframeInterface.swift */; };
		A5A15E9A29802A350016702F /* RootWireframeInterface.swift in Sources */ = {isa = PBXBuildFile; fileRef = A5A15E9829802A350016702F /* RootWireframeInterface.swift */; };
		A5A15E9C29802BA30016702F /* BaseViewController.swift in Sources */ = {isa = PBXBuildFile; fileRef = A5A15E9B29802BA30016702F /* BaseViewController.swift */; };
		A5A15E9D29802BA30016702F /* BaseViewController.swift in Sources */ = {isa = PBXBuildFile; fileRef = A5A15E9B29802BA30016702F /* BaseViewController.swift */; };
		A5A15E9F29803BB10016702F /* BaseModuleInteractor.swift in Sources */ = {isa = PBXBuildFile; fileRef = A5A15E9E29803BB10016702F /* BaseModuleInteractor.swift */; };
		A5A15EA029803BB10016702F /* BaseModuleInteractor.swift in Sources */ = {isa = PBXBuildFile; fileRef = A5A15E9E29803BB10016702F /* BaseModuleInteractor.swift */; };
		A5A15EA229803CA60016702F /* BaseModulePresenter.swift in Sources */ = {isa = PBXBuildFile; fileRef = A5A15EA129803CA60016702F /* BaseModulePresenter.swift */; };
		A5A15EA329803CA60016702F /* BaseModulePresenter.swift in Sources */ = {isa = PBXBuildFile; fileRef = A5A15EA129803CA60016702F /* BaseModulePresenter.swift */; };
		A5A15EA82980459F0016702F /* BaseModuleRouter.swift in Sources */ = {isa = PBXBuildFile; fileRef = A5A15EA72980459F0016702F /* BaseModuleRouter.swift */; };
		A5A15EA92980459F0016702F /* BaseModuleRouter.swift in Sources */ = {isa = PBXBuildFile; fileRef = A5A15EA72980459F0016702F /* BaseModuleRouter.swift */; };
		A5A15EAB298045E30016702F /* ModuleTransition.swift in Sources */ = {isa = PBXBuildFile; fileRef = A5A15EAA298045E30016702F /* ModuleTransition.swift */; };
		A5A15EAC298045E30016702F /* ModuleTransition.swift in Sources */ = {isa = PBXBuildFile; fileRef = A5A15EAA298045E30016702F /* ModuleTransition.swift */; };
		A5A15EB9298047600016702F /* HomeViewController.swift in Sources */ = {isa = PBXBuildFile; fileRef = A5A15EB8298047600016702F /* HomeViewController.swift */; };
		A5A15EBA298047600016702F /* HomeViewController.swift in Sources */ = {isa = PBXBuildFile; fileRef = A5A15EB8298047600016702F /* HomeViewController.swift */; };
		A5A15EBF298049FD0016702F /* SceneDelegate.swift in Sources */ = {isa = PBXBuildFile; fileRef = A5A15EBE298049FD0016702F /* SceneDelegate.swift */; };
		A5A15EC0298049FD0016702F /* SceneDelegate.swift in Sources */ = {isa = PBXBuildFile; fileRef = A5A15EBE298049FD0016702F /* SceneDelegate.swift */; };
		A5A215A929804DB7008A469B /* HomeAssembly.swift in Sources */ = {isa = PBXBuildFile; fileRef = A5A215A829804DB7008A469B /* HomeAssembly.swift */; };
		A5A215AE2981221F008A469B /* HomeInteractor.swift in Sources */ = {isa = PBXBuildFile; fileRef = A5A215AD2981221F008A469B /* HomeInteractor.swift */; };
		A5A215B02981494F008A469B /* HomePresenter.swift in Sources */ = {isa = PBXBuildFile; fileRef = A5A215AF2981494F008A469B /* HomePresenter.swift */; };
		A5A215B229814A56008A469B /* HomeRouter.swift in Sources */ = {isa = PBXBuildFile; fileRef = A5A215B129814A56008A469B /* HomeRouter.swift */; };
		A5A215B92982403D008A469B /* UITextField+Extension.swift in Sources */ = {isa = PBXBuildFile; fileRef = A5A215B82982403D008A469B /* UITextField+Extension.swift */; };
		A5A215BB298240A7008A469B /* CurrencyPickerView.swift in Sources */ = {isa = PBXBuildFile; fileRef = A5A215BA298240A7008A469B /* CurrencyPickerView.swift */; };
		A5A215BD2982A40C008A469B /* UIButton+Extension.swift in Sources */ = {isa = PBXBuildFile; fileRef = A5A215BC2982A40C008A469B /* UIButton+Extension.swift */; };
		A5A215BF2982A620008A469B /* UIColor+Extension.swift in Sources */ = {isa = PBXBuildFile; fileRef = A5A215BE2982A620008A469B /* UIColor+Extension.swift */; };
		A5A215C12982E02A008A469B /* APIError.swift in Sources */ = {isa = PBXBuildFile; fileRef = A5A215C02982E02A008A469B /* APIError.swift */; };
		A5A215C72982E490008A469B /* CurrencyAPIModel.swift in Sources */ = {isa = PBXBuildFile; fileRef = A5A215C62982E490008A469B /* CurrencyAPIModel.swift */; };
		A5A215C92982F4AF008A469B /* HomeConnector.swift in Sources */ = {isa = PBXBuildFile; fileRef = A5A215C82982F4AF008A469B /* HomeConnector.swift */; };
		A5C1A69D29850D07001F4D05 /* DetailsViewController.swift in Sources */ = {isa = PBXBuildFile; fileRef = A5C1A69C29850D07001F4D05 /* DetailsViewController.swift */; };
		A5C1A69F29850D8C001F4D05 /* DetailsPresenter.swift in Sources */ = {isa = PBXBuildFile; fileRef = A5C1A69E29850D8C001F4D05 /* DetailsPresenter.swift */; };
		A5C1A6A129850DA3001F4D05 /* DetailsInteractor.swift in Sources */ = {isa = PBXBuildFile; fileRef = A5C1A6A029850DA3001F4D05 /* DetailsInteractor.swift */; };
		A5C1A6A329850DBB001F4D05 /* DetailsRouter.swift in Sources */ = {isa = PBXBuildFile; fileRef = A5C1A6A229850DBB001F4D05 /* DetailsRouter.swift */; };
		A5C1A6A529851000001F4D05 /* DetailsAssembly.swift in Sources */ = {isa = PBXBuildFile; fileRef = A5C1A6A429851000001F4D05 /* DetailsAssembly.swift */; };
		A5C1A6A7298559B5001F4D05 /* Double+Externsion.swift in Sources */ = {isa = PBXBuildFile; fileRef = A5C1A6A6298559B5001F4D05 /* Double+Externsion.swift */; };
		A5C1A6AA29856998001F4D05 /* ViewModel.swift in Sources */ = {isa = PBXBuildFile; fileRef = A5C1A6A929856998001F4D05 /* ViewModel.swift */; };
		A5C1A6AE298579CE001F4D05 /* SucessUIView.swift in Sources */ = {isa = PBXBuildFile; fileRef = A5C1A6AD298579CE001F4D05 /* SucessUIView.swift */; };
		A5E16B02298400A90082E4D2 /* CoreDataManager.swift in Sources */ = {isa = PBXBuildFile; fileRef = A5E16B01298400A90082E4D2 /* CoreDataManager.swift */; };
		A5E16B04298425E70082E4D2 /* ActivityIndicator.swift in Sources */ = {isa = PBXBuildFile; fileRef = A5E16B03298425E70082E4D2 /* ActivityIndicator.swift */; };
		A5E16B06298429260082E4D2 /* UIView+Extension.swift in Sources */ = {isa = PBXBuildFile; fileRef = A5E16B05298429260082E4D2 /* UIView+Extension.swift */; };
		A5E16B112984FB2B0082E4D2 /* Main.storyboard in Resources */ = {isa = PBXBuildFile; fileRef = A5E16B0F2984FB2B0082E4D2 /* Main.storyboard */; };
		A5F8164C298662D20088F251 /* HomePresenterTest.swift in Sources */ = {isa = PBXBuildFile; fileRef = A5F8164B298662D20088F251 /* HomePresenterTest.swift */; };
		A5F8164D298662DA0088F251 /* HomeRouter.swift in Sources */ = {isa = PBXBuildFile; fileRef = A5A215B129814A56008A469B /* HomeRouter.swift */; };
		A5F8164E298662DE0088F251 /* HomeInteractor.swift in Sources */ = {isa = PBXBuildFile; fileRef = A5A215AD2981221F008A469B /* HomeInteractor.swift */; };
		A5F8164F298662E00088F251 /* HomePresenter.swift in Sources */ = {isa = PBXBuildFile; fileRef = A5A215AF2981494F008A469B /* HomePresenter.swift */; };
		A5F81650298662E60088F251 /* HomeAssembly.swift in Sources */ = {isa = PBXBuildFile; fileRef = A5A215A829804DB7008A469B /* HomeAssembly.swift */; };
		A5F81651298662EA0088F251 /* APIError.swift in Sources */ = {isa = PBXBuildFile; fileRef = A5A215C02982E02A008A469B /* APIError.swift */; };
		A5F81652298662ED0088F251 /* CoreDataManager.swift in Sources */ = {isa = PBXBuildFile; fileRef = A5E16B01298400A90082E4D2 /* CoreDataManager.swift */; };
		A5F81653298662F00088F251 /* HomeConnector.swift in Sources */ = {isa = PBXBuildFile; fileRef = A5A215C82982F4AF008A469B /* HomeConnector.swift */; };
		A5F81654298662F40088F251 /* CurrencyAPIModel.swift in Sources */ = {isa = PBXBuildFile; fileRef = A5A215C62982E490008A469B /* CurrencyAPIModel.swift */; };
		A5F8165929866D610088F251 /* ViewModel.swift in Sources */ = {isa = PBXBuildFile; fileRef = A5C1A6A929856998001F4D05 /* ViewModel.swift */; };
		A5F8165A29866D700088F251 /* DetailsAssembly.swift in Sources */ = {isa = PBXBuildFile; fileRef = A5C1A6A429851000001F4D05 /* DetailsAssembly.swift */; };
		A5F8165B29866D760088F251 /* DetailsRouter.swift in Sources */ = {isa = PBXBuildFile; fileRef = A5C1A6A229850DBB001F4D05 /* DetailsRouter.swift */; };
		A5F8165C29866D780088F251 /* DetailsInteractor.swift in Sources */ = {isa = PBXBuildFile; fileRef = A5C1A6A029850DA3001F4D05 /* DetailsInteractor.swift */; };
		A5F8165D29866D7B0088F251 /* DetailsPresenter.swift in Sources */ = {isa = PBXBuildFile; fileRef = A5C1A69E29850D8C001F4D05 /* DetailsPresenter.swift */; };
		A5F8165E29866D7D0088F251 /* DetailsViewController.swift in Sources */ = {isa = PBXBuildFile; fileRef = A5C1A69C29850D07001F4D05 /* DetailsViewController.swift */; };
		A5F8165F29866DCC0088F251 /* ActivityIndicator.swift in Sources */ = {isa = PBXBuildFile; fileRef = A5E16B03298425E70082E4D2 /* ActivityIndicator.swift */; };
		A5F8166029866DD40088F251 /* AppDelegate.swift in Sources */ = {isa = PBXBuildFile; fileRef = A576563A297EDBA100FEDC5A /* AppDelegate.swift */; };
		A5F8166129866E0B0088F251 /* UIView+Extension.swift in Sources */ = {isa = PBXBuildFile; fileRef = A5E16B05298429260082E4D2 /* UIView+Extension.swift */; };
		A5F8166229866E150088F251 /* SucessUIView.swift in Sources */ = {isa = PBXBuildFile; fileRef = A5C1A6AD298579CE001F4D05 /* SucessUIView.swift */; };
		A5F8166329866E2C0088F251 /* CurrencyPickerView.swift in Sources */ = {isa = PBXBuildFile; fileRef = A5A215BA298240A7008A469B /* CurrencyPickerView.swift */; };
		A5F8166429866E320088F251 /* UITextField+Extension.swift in Sources */ = {isa = PBXBuildFile; fileRef = A5A215B82982403D008A469B /* UITextField+Extension.swift */; };
		A5F8166529866E340088F251 /* UIButton+Extension.swift in Sources */ = {isa = PBXBuildFile; fileRef = A5A215BC2982A40C008A469B /* UIButton+Extension.swift */; };
		A5F8166629866E360088F251 /* UIColor+Extension.swift in Sources */ = {isa = PBXBuildFile; fileRef = A5A215BE2982A620008A469B /* UIColor+Extension.swift */; };
		A5F8166729866E3A0088F251 /* Double+Externsion.swift in Sources */ = {isa = PBXBuildFile; fileRef = A5C1A6A6298559B5001F4D05 /* Double+Externsion.swift */; };
		A5F8166929867D640088F251 /* HomeInteractorTest.swift in Sources */ = {isa = PBXBuildFile; fileRef = A5F8166829867D640088F251 /* HomeInteractorTest.swift */; };
		A5F8166D2986AA830088F251 /* CoreDataManagerTest.swift in Sources */ = {isa = PBXBuildFile; fileRef = A5F8166C2986AA830088F251 /* CoreDataManagerTest.swift */; };
		A5F8166E2986C9110088F251 /* ExchangeConverter.xcdatamodeld in Sources */ = {isa = PBXBuildFile; fileRef = A5765643297EDBA100FEDC5A /* ExchangeConverter.xcdatamodeld */; };
/* End PBXBuildFile section */

/* Begin PBXContainerItemProxy section */
		A5765651297EDBA300FEDC5A /* PBXContainerItemProxy */ = {
			isa = PBXContainerItemProxy;
			containerPortal = A576562F297EDBA100FEDC5A /* Project object */;
			proxyType = 1;
			remoteGlobalIDString = A5765636297EDBA100FEDC5A;
			remoteInfo = ExchangeConverter;
		};
/* End PBXContainerItemProxy section */

/* Begin PBXFileReference section */
		A5765637297EDBA100FEDC5A /* ExchangeConverter.app */ = {isa = PBXFileReference; explicitFileType = wrapper.application; includeInIndex = 0; path = ExchangeConverter.app; sourceTree = BUILT_PRODUCTS_DIR; };
		A576563A297EDBA100FEDC5A /* AppDelegate.swift */ = {isa = PBXFileReference; lastKnownFileType = sourcecode.swift; path = AppDelegate.swift; sourceTree = "<group>"; };
		A5765644297EDBA100FEDC5A /* ExchangeConverter.xcdatamodel */ = {isa = PBXFileReference; lastKnownFileType = wrapper.xcdatamodel; path = ExchangeConverter.xcdatamodel; sourceTree = "<group>"; };
		A5765646297EDBA300FEDC5A /* Assets.xcassets */ = {isa = PBXFileReference; lastKnownFileType = folder.assetcatalog; path = Assets.xcassets; sourceTree = "<group>"; };
		A5765649297EDBA300FEDC5A /* Base */ = {isa = PBXFileReference; lastKnownFileType = file.storyboard; name = Base; path = Base.lproj/LaunchScreen.storyboard; sourceTree = "<group>"; };
		A576564B297EDBA300FEDC5A /* Info.plist */ = {isa = PBXFileReference; lastKnownFileType = text.plist.xml; path = Info.plist; sourceTree = "<group>"; };
		A5765650297EDBA300FEDC5A /* ExchangeConverterTests.xctest */ = {isa = PBXFileReference; explicitFileType = wrapper.cfbundle; includeInIndex = 0; path = ExchangeConverterTests.xctest; sourceTree = BUILT_PRODUCTS_DIR; };
		A5765654297EDBA300FEDC5A /* ExchangeConverterTests.swift */ = {isa = PBXFileReference; lastKnownFileType = sourcecode.swift; path = ExchangeConverterTests.swift; sourceTree = "<group>"; };
		A59C7A252986CCB400E9E3F3 /* HomeConnectorTest.swift */ = {isa = PBXFileReference; lastKnownFileType = sourcecode.swift; path = HomeConnectorTest.swift; sourceTree = "<group>"; };
		A59C7A282986D18B00E9E3F3 /* CoreData.framework */ = {isa = PBXFileReference; lastKnownFileType = wrapper.framework; name = CoreData.framework; path = Platforms/MacOSX.platform/Developer/SDKs/MacOSX13.1.sdk/System/Library/Frameworks/CoreData.framework; sourceTree = DEVELOPER_DIR; };
		A59C7A2A2986D19700E9E3F3 /* CoreData.framework */ = {isa = PBXFileReference; lastKnownFileType = wrapper.framework; name = CoreData.framework; path = System/Library/Frameworks/CoreData.framework; sourceTree = SDKROOT; };
		A59C7A2C2986FA4A00E9E3F3 /* PairConversion+CoreDataClass.swift */ = {isa = PBXFileReference; lastKnownFileType = sourcecode.swift; path = "PairConversion+CoreDataClass.swift"; sourceTree = "<group>"; };
		A59C7A2D2986FA4A00E9E3F3 /* PairConversion+CoreDataProperties.swift */ = {isa = PBXFileReference; lastKnownFileType = sourcecode.swift; path = "PairConversion+CoreDataProperties.swift"; sourceTree = "<group>"; };
		A59C7A312986FC1200E9E3F3 /* PairConversionModel.swift */ = {isa = PBXFileReference; lastKnownFileType = sourcecode.swift; path = PairConversionModel.swift; sourceTree = "<group>"; };
		A5A15E9829802A350016702F /* RootWireframeInterface.swift */ = {isa = PBXFileReference; lastKnownFileType = sourcecode.swift; path = RootWireframeInterface.swift; sourceTree = "<group>"; };
		A5A15E9B29802BA30016702F /* BaseViewController.swift */ = {isa = PBXFileReference; lastKnownFileType = sourcecode.swift; path = BaseViewController.swift; sourceTree = "<group>"; };
		A5A15E9E29803BB10016702F /* BaseModuleInteractor.swift */ = {isa = PBXFileReference; lastKnownFileType = sourcecode.swift; path = BaseModuleInteractor.swift; sourceTree = "<group>"; };
		A5A15EA129803CA60016702F /* BaseModulePresenter.swift */ = {isa = PBXFileReference; lastKnownFileType = sourcecode.swift; path = BaseModulePresenter.swift; sourceTree = "<group>"; };
		A5A15EA72980459F0016702F /* BaseModuleRouter.swift */ = {isa = PBXFileReference; lastKnownFileType = sourcecode.swift; path = BaseModuleRouter.swift; sourceTree = "<group>"; };
		A5A15EAA298045E30016702F /* ModuleTransition.swift */ = {isa = PBXFileReference; lastKnownFileType = sourcecode.swift; path = ModuleTransition.swift; sourceTree = "<group>"; };
		A5A15EB8298047600016702F /* HomeViewController.swift */ = {isa = PBXFileReference; lastKnownFileType = sourcecode.swift; path = HomeViewController.swift; sourceTree = "<group>"; };
		A5A15EBE298049FD0016702F /* SceneDelegate.swift */ = {isa = PBXFileReference; fileEncoding = 4; lastKnownFileType = sourcecode.swift; name = SceneDelegate.swift; path = ExchangeConverter/SceneDelegate.swift; sourceTree = SOURCE_ROOT; };
		A5A215A829804DB7008A469B /* HomeAssembly.swift */ = {isa = PBXFileReference; lastKnownFileType = sourcecode.swift; path = HomeAssembly.swift; sourceTree = "<group>"; };
		A5A215AD2981221F008A469B /* HomeInteractor.swift */ = {isa = PBXFileReference; lastKnownFileType = sourcecode.swift; path = HomeInteractor.swift; sourceTree = "<group>"; };
		A5A215AF2981494F008A469B /* HomePresenter.swift */ = {isa = PBXFileReference; lastKnownFileType = sourcecode.swift; path = HomePresenter.swift; sourceTree = "<group>"; };
		A5A215B129814A56008A469B /* HomeRouter.swift */ = {isa = PBXFileReference; lastKnownFileType = sourcecode.swift; path = HomeRouter.swift; sourceTree = "<group>"; };
		A5A215B82982403D008A469B /* UITextField+Extension.swift */ = {isa = PBXFileReference; lastKnownFileType = sourcecode.swift; path = "UITextField+Extension.swift"; sourceTree = "<group>"; };
		A5A215BA298240A7008A469B /* CurrencyPickerView.swift */ = {isa = PBXFileReference; lastKnownFileType = sourcecode.swift; path = CurrencyPickerView.swift; sourceTree = "<group>"; };
		A5A215BC2982A40C008A469B /* UIButton+Extension.swift */ = {isa = PBXFileReference; lastKnownFileType = sourcecode.swift; path = "UIButton+Extension.swift"; sourceTree = "<group>"; };
		A5A215BE2982A620008A469B /* UIColor+Extension.swift */ = {isa = PBXFileReference; lastKnownFileType = sourcecode.swift; path = "UIColor+Extension.swift"; sourceTree = "<group>"; };
		A5A215C02982E02A008A469B /* APIError.swift */ = {isa = PBXFileReference; lastKnownFileType = sourcecode.swift; path = APIError.swift; sourceTree = "<group>"; };
		A5A215C62982E490008A469B /* CurrencyAPIModel.swift */ = {isa = PBXFileReference; lastKnownFileType = sourcecode.swift; path = CurrencyAPIModel.swift; sourceTree = "<group>"; };
		A5A215C82982F4AF008A469B /* HomeConnector.swift */ = {isa = PBXFileReference; lastKnownFileType = sourcecode.swift; path = HomeConnector.swift; sourceTree = "<group>"; };
		A5C1A69C29850D07001F4D05 /* DetailsViewController.swift */ = {isa = PBXFileReference; lastKnownFileType = sourcecode.swift; path = DetailsViewController.swift; sourceTree = "<group>"; };
		A5C1A69E29850D8C001F4D05 /* DetailsPresenter.swift */ = {isa = PBXFileReference; lastKnownFileType = sourcecode.swift; path = DetailsPresenter.swift; sourceTree = "<group>"; };
		A5C1A6A029850DA3001F4D05 /* DetailsInteractor.swift */ = {isa = PBXFileReference; lastKnownFileType = sourcecode.swift; path = DetailsInteractor.swift; sourceTree = "<group>"; };
		A5C1A6A229850DBB001F4D05 /* DetailsRouter.swift */ = {isa = PBXFileReference; lastKnownFileType = sourcecode.swift; path = DetailsRouter.swift; sourceTree = "<group>"; };
		A5C1A6A429851000001F4D05 /* DetailsAssembly.swift */ = {isa = PBXFileReference; lastKnownFileType = sourcecode.swift; path = DetailsAssembly.swift; sourceTree = "<group>"; };
		A5C1A6A6298559B5001F4D05 /* Double+Externsion.swift */ = {isa = PBXFileReference; lastKnownFileType = sourcecode.swift; path = "Double+Externsion.swift"; sourceTree = "<group>"; };
		A5C1A6A929856998001F4D05 /* ViewModel.swift */ = {isa = PBXFileReference; lastKnownFileType = sourcecode.swift; path = ViewModel.swift; sourceTree = "<group>"; };
		A5C1A6AD298579CE001F4D05 /* SucessUIView.swift */ = {isa = PBXFileReference; lastKnownFileType = sourcecode.swift; path = SucessUIView.swift; sourceTree = "<group>"; };
		A5E16B01298400A90082E4D2 /* CoreDataManager.swift */ = {isa = PBXFileReference; lastKnownFileType = sourcecode.swift; path = CoreDataManager.swift; sourceTree = "<group>"; };
		A5E16B03298425E70082E4D2 /* ActivityIndicator.swift */ = {isa = PBXFileReference; lastKnownFileType = sourcecode.swift; path = ActivityIndicator.swift; sourceTree = "<group>"; };
		A5E16B05298429260082E4D2 /* UIView+Extension.swift */ = {isa = PBXFileReference; lastKnownFileType = sourcecode.swift; path = "UIView+Extension.swift"; sourceTree = "<group>"; };
		A5E16B102984FB2B0082E4D2 /* Base */ = {isa = PBXFileReference; lastKnownFileType = file.storyboard; name = Base; path = Base.lproj/Main.storyboard; sourceTree = "<group>"; };
		A5F8164B298662D20088F251 /* HomePresenterTest.swift */ = {isa = PBXFileReference; lastKnownFileType = sourcecode.swift; path = HomePresenterTest.swift; sourceTree = "<group>"; };
		A5F8166829867D640088F251 /* HomeInteractorTest.swift */ = {isa = PBXFileReference; lastKnownFileType = sourcecode.swift; path = HomeInteractorTest.swift; sourceTree = "<group>"; };
		A5F8166C2986AA830088F251 /* CoreDataManagerTest.swift */ = {isa = PBXFileReference; lastKnownFileType = sourcecode.swift; path = CoreDataManagerTest.swift; sourceTree = "<group>"; };
/* End PBXFileReference section */

/* Begin PBXFrameworksBuildPhase section */
		A5765634297EDBA100FEDC5A /* Frameworks */ = {
			isa = PBXFrameworksBuildPhase;
			buildActionMask = 2147483647;
			files = (
				A59C7A2B2986D19700E9E3F3 /* CoreData.framework in Frameworks */,
			);
			runOnlyForDeploymentPostprocessing = 0;
		};
		A576564D297EDBA300FEDC5A /* Frameworks */ = {
			isa = PBXFrameworksBuildPhase;
			buildActionMask = 2147483647;
			files = (
				A59C7A292986D18B00E9E3F3 /* CoreData.framework in Frameworks */,
			);
			runOnlyForDeploymentPostprocessing = 0;
		};
/* End PBXFrameworksBuildPhase section */

/* Begin PBXGroup section */
		A576562E297EDBA100FEDC5A = {
			isa = PBXGroup;
			children = (
				A5765639297EDBA100FEDC5A /* ExchangeConverter */,
				A5765653297EDBA300FEDC5A /* ExchangeConverterTests */,
				A5765638297EDBA100FEDC5A /* Products */,
				A59C7A272986D18B00E9E3F3 /* Frameworks */,
			);
			sourceTree = "<group>";
		};
		A5765638297EDBA100FEDC5A /* Products */ = {
			isa = PBXGroup;
			children = (
				A5765637297EDBA100FEDC5A /* ExchangeConverter.app */,
				A5765650297EDBA300FEDC5A /* ExchangeConverterTests.xctest */,
			);
			name = Products;
			sourceTree = "<group>";
		};
		A5765639297EDBA100FEDC5A /* ExchangeConverter */ = {
			isa = PBXGroup;
			children = (
				A5765648297EDBA300FEDC5A /* LaunchScreen.storyboard */,
				A576564B297EDBA300FEDC5A /* Info.plist */,
				A5765643297EDBA100FEDC5A /* ExchangeConverter.xcdatamodeld */,
				A5765646297EDBA300FEDC5A /* Assets.xcassets */,
				A5A15E8F2980297E0016702F /* Application */,
				A5A15E9629802A090016702F /* Modules */,
				A5A15EBB298047940016702F /* Services */,
				A5A215C52982E42D008A469B /* DataModel */,
				A5A15EB3298047020016702F /* UI */,
				A5A215B529823F8B008A469B /* Utils */,
			);
			path = ExchangeConverter;
			sourceTree = "<group>";
		};
		A5765653297EDBA300FEDC5A /* ExchangeConverterTests */ = {
			isa = PBXGroup;
			children = (
				A5765654297EDBA300FEDC5A /* ExchangeConverterTests.swift */,
				A5F8164B298662D20088F251 /* HomePresenterTest.swift */,
				A5F8166829867D640088F251 /* HomeInteractorTest.swift */,
				A5F8166C2986AA830088F251 /* CoreDataManagerTest.swift */,
				A59C7A252986CCB400E9E3F3 /* HomeConnectorTest.swift */,
			);
			path = ExchangeConverterTests;
			sourceTree = "<group>";
		};
		A59C7A272986D18B00E9E3F3 /* Frameworks */ = {
			isa = PBXGroup;
			children = (
				A59C7A2A2986D19700E9E3F3 /* CoreData.framework */,
				A59C7A282986D18B00E9E3F3 /* CoreData.framework */,
			);
			name = Frameworks;
			sourceTree = "<group>";
		};
		A5A15E8F2980297E0016702F /* Application */ = {
			isa = PBXGroup;
			children = (
				A576563A297EDBA100FEDC5A /* AppDelegate.swift */,
				A5A15EBE298049FD0016702F /* SceneDelegate.swift */,
			);
			path = Application;
			sourceTree = "<group>";
		};
		A5A15E9629802A090016702F /* Modules */ = {
			isa = PBXGroup;
			children = (
				A5C1A6AB298577A3001F4D05 /* Sucess */,
				A5A15E9729802A1B0016702F /* Base */,
				A5E16B122985087A0082E4D2 /* Details */,
				A5A15EAD2980465D0016702F /* Home */,
			);
			path = Modules;
			sourceTree = "<group>";
		};
		A5A15E9729802A1B0016702F /* Base */ = {
			isa = PBXGroup;
			children = (
				A5A15E9829802A350016702F /* RootWireframeInterface.swift */,
				A5A15E9B29802BA30016702F /* BaseViewController.swift */,
				A5A15E9E29803BB10016702F /* BaseModuleInteractor.swift */,
				A5A15EA129803CA60016702F /* BaseModulePresenter.swift */,
				A5A15EA72980459F0016702F /* BaseModuleRouter.swift */,
				A5A15EAA298045E30016702F /* ModuleTransition.swift */,
			);
			path = Base;
			sourceTree = "<group>";
		};
		A5A15EAD2980465D0016702F /* Home */ = {
			isa = PBXGroup;
			children = (
				A5A215AA2980E90E008A469B /* Router */,
				A5A15EAE2980466D0016702F /* Interactor */,
				A5A15EB0298046900016702F /* Presenter */,
				A5A15EB12980469E0016702F /* View */,
				A5A15EB2298046A50016702F /* Assembly */,
			);
			path = Home;
			sourceTree = "<group>";
		};
		A5A15EAE2980466D0016702F /* Interactor */ = {
			isa = PBXGroup;
			children = (
				A5A215AD2981221F008A469B /* HomeInteractor.swift */,
			);
			path = Interactor;
			sourceTree = "<group>";
		};
		A5A15EB0298046900016702F /* Presenter */ = {
			isa = PBXGroup;
			children = (
				A5A215AF2981494F008A469B /* HomePresenter.swift */,
			);
			path = Presenter;
			sourceTree = "<group>";
		};
		A5A15EB12980469E0016702F /* View */ = {
			isa = PBXGroup;
			children = (
				A5A15EB8298047600016702F /* HomeViewController.swift */,
			);
			path = View;
			sourceTree = "<group>";
		};
		A5A15EB2298046A50016702F /* Assembly */ = {
			isa = PBXGroup;
			children = (
				A5A215A829804DB7008A469B /* HomeAssembly.swift */,
			);
			path = Assembly;
			sourceTree = "<group>";
		};
		A5A15EB3298047020016702F /* UI */ = {
			isa = PBXGroup;
			children = (
				A5E16B0F2984FB2B0082E4D2 /* Main.storyboard */,
			);
			path = UI;
			sourceTree = "<group>";
		};
		A5A15EBB298047940016702F /* Services */ = {
			isa = PBXGroup;
			children = (
				A5A215C02982E02A008A469B /* APIError.swift */,
				A5A215C22982E28D008A469B /* CoreDataManager */,
				A5A215B329823E16008A469B /* API */,
			);
			path = Services;
			sourceTree = "<group>";
		};
		A5A215AA2980E90E008A469B /* Router */ = {
			isa = PBXGroup;
			children = (
				A5A215B129814A56008A469B /* HomeRouter.swift */,
			);
			path = Router;
			sourceTree = "<group>";
		};
		A5A215B329823E16008A469B /* API */ = {
			isa = PBXGroup;
			children = (
				A5A215C82982F4AF008A469B /* HomeConnector.swift */,
			);
			path = API;
			sourceTree = "<group>";
		};
		A5A215B529823F8B008A469B /* Utils */ = {
			isa = PBXGroup;
			children = (
				A5A215B729823FA0008A469B /* CustomView */,
				A5A215B629823F95008A469B /* Extensions */,
			);
			path = Utils;
			sourceTree = "<group>";
		};
		A5A215B629823F95008A469B /* Extensions */ = {
			isa = PBXGroup;
			children = (
				A5A215B82982403D008A469B /* UITextField+Extension.swift */,
				A5A215BC2982A40C008A469B /* UIButton+Extension.swift */,
				A5A215BE2982A620008A469B /* UIColor+Extension.swift */,
				A5E16B05298429260082E4D2 /* UIView+Extension.swift */,
				A5C1A6A6298559B5001F4D05 /* Double+Externsion.swift */,
			);
			path = Extensions;
			sourceTree = "<group>";
		};
		A5A215B729823FA0008A469B /* CustomView */ = {
			isa = PBXGroup;
			children = (
				A5A215BA298240A7008A469B /* CurrencyPickerView.swift */,
				A5E16B03298425E70082E4D2 /* ActivityIndicator.swift */,
			);
			path = CustomView;
			sourceTree = "<group>";
		};
		A5A215C22982E28D008A469B /* CoreDataManager */ = {
			isa = PBXGroup;
			children = (
				A5E16B01298400A90082E4D2 /* CoreDataManager.swift */,
			);
			path = CoreDataManager;
			sourceTree = "<group>";
		};
		A5A215C52982E42D008A469B /* DataModel */ = {
			isa = PBXGroup;
			children = (
				A59C7A312986FC1200E9E3F3 /* PairConversionModel.swift */,
				A5A215C62982E490008A469B /* CurrencyAPIModel.swift */,
				A5C1A6A829856987001F4D05 /* ViewModel */,
				A5A215D82983D2FB008A469B /* CoreData */,
			);
			path = DataModel;
			sourceTree = "<group>";
		};
		A5A215D82983D2FB008A469B /* CoreData */ = {
			isa = PBXGroup;
			children = (
				A59C7A2C2986FA4A00E9E3F3 /* PairConversion+CoreDataClass.swift */,
				A59C7A2D2986FA4A00E9E3F3 /* PairConversion+CoreDataProperties.swift */,
			);
			path = CoreData;
			sourceTree = "<group>";
		};
		A5C1A6A829856987001F4D05 /* ViewModel */ = {
			isa = PBXGroup;
			children = (
				A5C1A6A929856998001F4D05 /* ViewModel.swift */,
			);
			path = ViewModel;
			sourceTree = "<group>";
		};
		A5C1A6AB298577A3001F4D05 /* Sucess */ = {
			isa = PBXGroup;
			children = (
				A5C1A6AC29857999001F4D05 /* UI */,
			);
			path = Sucess;
			sourceTree = "<group>";
		};
		A5C1A6AC29857999001F4D05 /* UI */ = {
			isa = PBXGroup;
			children = (
				A5C1A6AD298579CE001F4D05 /* SucessUIView.swift */,
			);
			path = UI;
			sourceTree = "<group>";
		};
		A5E16B122985087A0082E4D2 /* Details */ = {
			isa = PBXGroup;
			children = (
				A5E16B17298508C20082E4D2 /* Router */,
				A5E16B16298508AB0082E4D2 /* Interactor */,
				A5E16B15298508A30082E4D2 /* Presenter */,
				A5E16B142985089D0082E4D2 /* View */,
				A5E16B132985088D0082E4D2 /* Assembly */,
			);
			path = Details;
			sourceTree = "<group>";
		};
		A5E16B132985088D0082E4D2 /* Assembly */ = {
			isa = PBXGroup;
			children = (
				A5C1A6A429851000001F4D05 /* DetailsAssembly.swift */,
			);
			path = Assembly;
			sourceTree = "<group>";
		};
		A5E16B142985089D0082E4D2 /* View */ = {
			isa = PBXGroup;
			children = (
				A5C1A69C29850D07001F4D05 /* DetailsViewController.swift */,
			);
			path = View;
			sourceTree = "<group>";
		};
		A5E16B15298508A30082E4D2 /* Presenter */ = {
			isa = PBXGroup;
			children = (
				A5C1A69E29850D8C001F4D05 /* DetailsPresenter.swift */,
			);
			path = Presenter;
			sourceTree = "<group>";
		};
		A5E16B16298508AB0082E4D2 /* Interactor */ = {
			isa = PBXGroup;
			children = (
				A5C1A6A029850DA3001F4D05 /* DetailsInteractor.swift */,
			);
			path = Interactor;
			sourceTree = "<group>";
		};
		A5E16B17298508C20082E4D2 /* Router */ = {
			isa = PBXGroup;
			children = (
				A5C1A6A229850DBB001F4D05 /* DetailsRouter.swift */,
			);
			path = Router;
			sourceTree = "<group>";
		};
/* End PBXGroup section */

/* Begin PBXNativeTarget section */
		A5765636297EDBA100FEDC5A /* ExchangeConverter */ = {
			isa = PBXNativeTarget;
			buildConfigurationList = A5765664297EDBA300FEDC5A /* Build configuration list for PBXNativeTarget "ExchangeConverter" */;
			buildPhases = (
				A5765633297EDBA100FEDC5A /* Sources */,
				A5765634297EDBA100FEDC5A /* Frameworks */,
				A5765635297EDBA100FEDC5A /* Resources */,
			);
			buildRules = (
			);
			dependencies = (
			);
			name = ExchangeConverter;
			productName = ExchangeConverter;
			productReference = A5765637297EDBA100FEDC5A /* ExchangeConverter.app */;
			productType = "com.apple.product-type.application";
		};
		A576564F297EDBA300FEDC5A /* ExchangeConverterTests */ = {
			isa = PBXNativeTarget;
			buildConfigurationList = A5765667297EDBA300FEDC5A /* Build configuration list for PBXNativeTarget "ExchangeConverterTests" */;
			buildPhases = (
				A576564C297EDBA300FEDC5A /* Sources */,
				A576564D297EDBA300FEDC5A /* Frameworks */,
				A576564E297EDBA300FEDC5A /* Resources */,
			);
			buildRules = (
			);
			dependencies = (
				A5765652297EDBA300FEDC5A /* PBXTargetDependency */,
			);
			name = ExchangeConverterTests;
			productName = ExchangeConverterTests;
			productReference = A5765650297EDBA300FEDC5A /* ExchangeConverterTests.xctest */;
			productType = "com.apple.product-type.bundle.unit-test";
		};
/* End PBXNativeTarget section */

/* Begin PBXProject section */
		A576562F297EDBA100FEDC5A /* Project object */ = {
			isa = PBXProject;
			attributes = {
				BuildIndependentTargetsInParallel = 1;
				LastSwiftUpdateCheck = 1420;
				LastUpgradeCheck = 1420;
				TargetAttributes = {
					A5765636297EDBA100FEDC5A = {
						CreatedOnToolsVersion = 14.2;
					};
					A576564F297EDBA300FEDC5A = {
						CreatedOnToolsVersion = 14.2;
						TestTargetID = A5765636297EDBA100FEDC5A;
					};
				};
			};
			buildConfigurationList = A5765632297EDBA100FEDC5A /* Build configuration list for PBXProject "ExchangeConverter" */;
			compatibilityVersion = "Xcode 14.0";
			developmentRegion = en;
			hasScannedForEncodings = 0;
			knownRegions = (
				en,
				Base,
			);
			mainGroup = A576562E297EDBA100FEDC5A;
			productRefGroup = A5765638297EDBA100FEDC5A /* Products */;
			projectDirPath = "";
			projectRoot = "";
			targets = (
				A5765636297EDBA100FEDC5A /* ExchangeConverter */,
				A576564F297EDBA300FEDC5A /* ExchangeConverterTests */,
			);
		};
/* End PBXProject section */

/* Begin PBXResourcesBuildPhase section */
		A5765635297EDBA100FEDC5A /* Resources */ = {
			isa = PBXResourcesBuildPhase;
			buildActionMask = 2147483647;
			files = (
				A5E16B112984FB2B0082E4D2 /* Main.storyboard in Resources */,
				A576564A297EDBA300FEDC5A /* LaunchScreen.storyboard in Resources */,
				A5765647297EDBA300FEDC5A /* Assets.xcassets in Resources */,
			);
			runOnlyForDeploymentPostprocessing = 0;
		};
		A576564E297EDBA300FEDC5A /* Resources */ = {
			isa = PBXResourcesBuildPhase;
			buildActionMask = 2147483647;
			files = (
			);
			runOnlyForDeploymentPostprocessing = 0;
		};
/* End PBXResourcesBuildPhase section */

/* Begin PBXSourcesBuildPhase section */
		A5765633297EDBA100FEDC5A /* Sources */ = {
			isa = PBXSourcesBuildPhase;
			buildActionMask = 2147483647;
			files = (
				A5A215C72982E490008A469B /* CurrencyAPIModel.swift in Sources */,
				A5A215B92982403D008A469B /* UITextField+Extension.swift in Sources */,
				A5A15E9C29802BA30016702F /* BaseViewController.swift in Sources */,
				A5765645297EDBA100FEDC5A /* ExchangeConverter.xcdatamodeld in Sources */,
				A5A215BF2982A620008A469B /* UIColor+Extension.swift in Sources */,
				A5C1A69D29850D07001F4D05 /* DetailsViewController.swift in Sources */,
				A59C7A2E2986FA4A00E9E3F3 /* PairConversion+CoreDataClass.swift in Sources */,
				A59C7A322986FC1200E9E3F3 /* PairConversionModel.swift in Sources */,
				A5A215BD2982A40C008A469B /* UIButton+Extension.swift in Sources */,
				A5A215A929804DB7008A469B /* HomeAssembly.swift in Sources */,
				A5C1A6A7298559B5001F4D05 /* Double+Externsion.swift in Sources */,
				A5A215AE2981221F008A469B /* HomeInteractor.swift in Sources */,
				A5A15E9929802A350016702F /* RootWireframeInterface.swift in Sources */,
				A5A215C12982E02A008A469B /* APIError.swift in Sources */,
				A5A215C92982F4AF008A469B /* HomeConnector.swift in Sources */,
				A5A15EA229803CA60016702F /* BaseModulePresenter.swift in Sources */,
				A5A215BB298240A7008A469B /* CurrencyPickerView.swift in Sources */,
				A5C1A69F29850D8C001F4D05 /* DetailsPresenter.swift in Sources */,
				A5A15EA82980459F0016702F /* BaseModuleRouter.swift in Sources */,
				A5C1A6AA29856998001F4D05 /* ViewModel.swift in Sources */,
				A5E16B04298425E70082E4D2 /* ActivityIndicator.swift in Sources */,
				A5C1A6A529851000001F4D05 /* DetailsAssembly.swift in Sources */,
				A5A15EB9298047600016702F /* HomeViewController.swift in Sources */,
				A5C1A6A329850DBB001F4D05 /* DetailsRouter.swift in Sources */,
				A576563B297EDBA100FEDC5A /* AppDelegate.swift in Sources */,
				A5A215B229814A56008A469B /* HomeRouter.swift in Sources */,
				A5C1A6A129850DA3001F4D05 /* DetailsInteractor.swift in Sources */,
				A5C1A6AE298579CE001F4D05 /* SucessUIView.swift in Sources */,
				A5E16B02298400A90082E4D2 /* CoreDataManager.swift in Sources */,
				A5E16B06298429260082E4D2 /* UIView+Extension.swift in Sources */,
				A5A215B02981494F008A469B /* HomePresenter.swift in Sources */,
				A5A15E9F29803BB10016702F /* BaseModuleInteractor.swift in Sources */,
				A59C7A2F2986FA4A00E9E3F3 /* PairConversion+CoreDataProperties.swift in Sources */,
				A5A15EAB298045E30016702F /* ModuleTransition.swift in Sources */,
				A5A15EBF298049FD0016702F /* SceneDelegate.swift in Sources */,
			);
			runOnlyForDeploymentPostprocessing = 0;
		};
		A576564C297EDBA300FEDC5A /* Sources */ = {
			isa = PBXSourcesBuildPhase;
			buildActionMask = 2147483647;
			files = (
				A5A15E9D29802BA30016702F /* BaseViewController.swift in Sources */,
				A5A15EA92980459F0016702F /* BaseModuleRouter.swift in Sources */,
				A5F8166629866E360088F251 /* UIColor+Extension.swift in Sources */,
				A5A15E9A29802A350016702F /* RootWireframeInterface.swift in Sources */,
				A5F8164E298662DE0088F251 /* HomeInteractor.swift in Sources */,
				A5F8166D2986AA830088F251 /* CoreDataManagerTest.swift in Sources */,
				A5F8165929866D610088F251 /* ViewModel.swift in Sources */,
				A59C7A352987137700E9E3F3 /* PairConversion+CoreDataProperties.swift in Sources */,
				A5F8164C298662D20088F251 /* HomePresenterTest.swift in Sources */,
				A5F8166E2986C9110088F251 /* ExchangeConverter.xcdatamodeld in Sources */,
				A5A15EBA298047600016702F /* HomeViewController.swift in Sources */,
				A5F81650298662E60088F251 /* HomeAssembly.swift in Sources */,
				A59C7A262986CCB400E9E3F3 /* HomeConnectorTest.swift in Sources */,
				A59C7A342987137300E9E3F3 /* PairConversion+CoreDataClass.swift in Sources */,
				A5F8165E29866D7D0088F251 /* DetailsViewController.swift in Sources */,
				A5A15EAC298045E30016702F /* ModuleTransition.swift in Sources */,
				A5F8166529866E340088F251 /* UIButton+Extension.swift in Sources */,
				A5F81653298662F00088F251 /* HomeConnector.swift in Sources */,
				A5F81651298662EA0088F251 /* APIError.swift in Sources */,
				A5F8165A29866D700088F251 /* DetailsAssembly.swift in Sources */,
				A5A15EC0298049FD0016702F /* SceneDelegate.swift in Sources */,
				A5F81654298662F40088F251 /* CurrencyAPIModel.swift in Sources */,
				A5F8166029866DD40088F251 /* AppDelegate.swift in Sources */,
				A59C7A332987136500E9E3F3 /* PairConversionModel.swift in Sources */,
				A5F8165D29866D7B0088F251 /* DetailsPresenter.swift in Sources */,
				A5765655297EDBA300FEDC5A /* ExchangeConverterTests.swift in Sources */,
				A5F8164F298662E00088F251 /* HomePresenter.swift in Sources */,
				A5A15EA029803BB10016702F /* BaseModuleInteractor.swift in Sources */,
				A5F8166929867D640088F251 /* HomeInteractorTest.swift in Sources */,
				A5A15EA329803CA60016702F /* BaseModulePresenter.swift in Sources */,
				A5F8165C29866D780088F251 /* DetailsInteractor.swift in Sources */,
				A5F81652298662ED0088F251 /* CoreDataManager.swift in Sources */,
				A5F8166129866E0B0088F251 /* UIView+Extension.swift in Sources */,
				A5F8164D298662DA0088F251 /* HomeRouter.swift in Sources */,
				A5F8166329866E2C0088F251 /* CurrencyPickerView.swift in Sources */,
				A5F8166229866E150088F251 /* SucessUIView.swift in Sources */,
				A5F8165F29866DCC0088F251 /* ActivityIndicator.swift in Sources */,
				A5F8165B29866D760088F251 /* DetailsRouter.swift in Sources */,
				A5F8166729866E3A0088F251 /* Double+Externsion.swift in Sources */,
				A5F8166429866E320088F251 /* UITextField+Extension.swift in Sources */,
			);
			runOnlyForDeploymentPostprocessing = 0;
		};
/* End PBXSourcesBuildPhase section */

/* Begin PBXTargetDependency section */
		A5765652297EDBA300FEDC5A /* PBXTargetDependency */ = {
			isa = PBXTargetDependency;
			target = A5765636297EDBA100FEDC5A /* ExchangeConverter */;
			targetProxy = A5765651297EDBA300FEDC5A /* PBXContainerItemProxy */;
		};
/* End PBXTargetDependency section */

/* Begin PBXVariantGroup section */
		A5765648297EDBA300FEDC5A /* LaunchScreen.storyboard */ = {
			isa = PBXVariantGroup;
			children = (
				A5765649297EDBA300FEDC5A /* Base */,
			);
			name = LaunchScreen.storyboard;
			sourceTree = "<group>";
		};
		A5E16B0F2984FB2B0082E4D2 /* Main.storyboard */ = {
			isa = PBXVariantGroup;
			children = (
				A5E16B102984FB2B0082E4D2 /* Base */,
			);
			name = Main.storyboard;
			sourceTree = "<group>";
		};
/* End PBXVariantGroup section */

/* Begin XCBuildConfiguration section */
		A5765662297EDBA300FEDC5A /* Debug */ = {
			isa = XCBuildConfiguration;
			buildSettings = {
				ALWAYS_SEARCH_USER_PATHS = NO;
				CLANG_ANALYZER_NONNULL = YES;
				CLANG_ANALYZER_NUMBER_OBJECT_CONVERSION = YES_AGGRESSIVE;
				CLANG_CXX_LANGUAGE_STANDARD = "gnu++20";
				CLANG_ENABLE_MODULES = YES;
				CLANG_ENABLE_OBJC_ARC = YES;
				CLANG_ENABLE_OBJC_WEAK = YES;
				CLANG_WARN_BLOCK_CAPTURE_AUTORELEASING = YES;
				CLANG_WARN_BOOL_CONVERSION = YES;
				CLANG_WARN_COMMA = YES;
				CLANG_WARN_CONSTANT_CONVERSION = YES;
				CLANG_WARN_DEPRECATED_OBJC_IMPLEMENTATIONS = YES;
				CLANG_WARN_DIRECT_OBJC_ISA_USAGE = YES_ERROR;
				CLANG_WARN_DOCUMENTATION_COMMENTS = YES;
				CLANG_WARN_EMPTY_BODY = YES;
				CLANG_WARN_ENUM_CONVERSION = YES;
				CLANG_WARN_INFINITE_RECURSION = YES;
				CLANG_WARN_INT_CONVERSION = YES;
				CLANG_WARN_NON_LITERAL_NULL_CONVERSION = YES;
				CLANG_WARN_OBJC_IMPLICIT_RETAIN_SELF = YES;
				CLANG_WARN_OBJC_LITERAL_CONVERSION = YES;
				CLANG_WARN_OBJC_ROOT_CLASS = YES_ERROR;
				CLANG_WARN_QUOTED_INCLUDE_IN_FRAMEWORK_HEADER = YES;
				CLANG_WARN_RANGE_LOOP_ANALYSIS = YES;
				CLANG_WARN_STRICT_PROTOTYPES = YES;
				CLANG_WARN_SUSPICIOUS_MOVE = YES;
				CLANG_WARN_UNGUARDED_AVAILABILITY = YES_AGGRESSIVE;
				CLANG_WARN_UNREACHABLE_CODE = YES;
				CLANG_WARN__DUPLICATE_METHOD_MATCH = YES;
				COPY_PHASE_STRIP = NO;
				DEBUG_INFORMATION_FORMAT = dwarf;
				ENABLE_STRICT_OBJC_MSGSEND = YES;
				ENABLE_TESTABILITY = YES;
				GCC_C_LANGUAGE_STANDARD = gnu11;
				GCC_DYNAMIC_NO_PIC = NO;
				GCC_NO_COMMON_BLOCKS = YES;
				GCC_OPTIMIZATION_LEVEL = 0;
				GCC_PREPROCESSOR_DEFINITIONS = (
					"DEBUG=1",
					"$(inherited)",
				);
				GCC_WARN_64_TO_32_BIT_CONVERSION = YES;
				GCC_WARN_ABOUT_RETURN_TYPE = YES_ERROR;
				GCC_WARN_UNDECLARED_SELECTOR = YES;
				GCC_WARN_UNINITIALIZED_AUTOS = YES_AGGRESSIVE;
				GCC_WARN_UNUSED_FUNCTION = YES;
				GCC_WARN_UNUSED_VARIABLE = YES;
				IPHONEOS_DEPLOYMENT_TARGET = 16.2;
				MTL_ENABLE_DEBUG_INFO = INCLUDE_SOURCE;
				MTL_FAST_MATH = YES;
				ONLY_ACTIVE_ARCH = YES;
				SDKROOT = iphoneos;
				SWIFT_ACTIVE_COMPILATION_CONDITIONS = DEBUG;
				SWIFT_OPTIMIZATION_LEVEL = "-Onone";
			};
			name = Debug;
		};
		A5765663297EDBA300FEDC5A /* Release */ = {
			isa = XCBuildConfiguration;
			buildSettings = {
				ALWAYS_SEARCH_USER_PATHS = NO;
				CLANG_ANALYZER_NONNULL = YES;
				CLANG_ANALYZER_NUMBER_OBJECT_CONVERSION = YES_AGGRESSIVE;
				CLANG_CXX_LANGUAGE_STANDARD = "gnu++20";
				CLANG_ENABLE_MODULES = YES;
				CLANG_ENABLE_OBJC_ARC = YES;
				CLANG_ENABLE_OBJC_WEAK = YES;
				CLANG_WARN_BLOCK_CAPTURE_AUTORELEASING = YES;
				CLANG_WARN_BOOL_CONVERSION = YES;
				CLANG_WARN_COMMA = YES;
				CLANG_WARN_CONSTANT_CONVERSION = YES;
				CLANG_WARN_DEPRECATED_OBJC_IMPLEMENTATIONS = YES;
				CLANG_WARN_DIRECT_OBJC_ISA_USAGE = YES_ERROR;
				CLANG_WARN_DOCUMENTATION_COMMENTS = YES;
				CLANG_WARN_EMPTY_BODY = YES;
				CLANG_WARN_ENUM_CONVERSION = YES;
				CLANG_WARN_INFINITE_RECURSION = YES;
				CLANG_WARN_INT_CONVERSION = YES;
				CLANG_WARN_NON_LITERAL_NULL_CONVERSION = YES;
				CLANG_WARN_OBJC_IMPLICIT_RETAIN_SELF = YES;
				CLANG_WARN_OBJC_LITERAL_CONVERSION = YES;
				CLANG_WARN_OBJC_ROOT_CLASS = YES_ERROR;
				CLANG_WARN_QUOTED_INCLUDE_IN_FRAMEWORK_HEADER = YES;
				CLANG_WARN_RANGE_LOOP_ANALYSIS = YES;
				CLANG_WARN_STRICT_PROTOTYPES = YES;
				CLANG_WARN_SUSPICIOUS_MOVE = YES;
				CLANG_WARN_UNGUARDED_AVAILABILITY = YES_AGGRESSIVE;
				CLANG_WARN_UNREACHABLE_CODE = YES;
				CLANG_WARN__DUPLICATE_METHOD_MATCH = YES;
				COPY_PHASE_STRIP = NO;
				DEBUG_INFORMATION_FORMAT = "dwarf-with-dsym";
				ENABLE_NS_ASSERTIONS = NO;
				ENABLE_STRICT_OBJC_MSGSEND = YES;
				GCC_C_LANGUAGE_STANDARD = gnu11;
				GCC_NO_COMMON_BLOCKS = YES;
				GCC_WARN_64_TO_32_BIT_CONVERSION = YES;
				GCC_WARN_ABOUT_RETURN_TYPE = YES_ERROR;
				GCC_WARN_UNDECLARED_SELECTOR = YES;
				GCC_WARN_UNINITIALIZED_AUTOS = YES_AGGRESSIVE;
				GCC_WARN_UNUSED_FUNCTION = YES;
				GCC_WARN_UNUSED_VARIABLE = YES;
				IPHONEOS_DEPLOYMENT_TARGET = 16.2;
				MTL_ENABLE_DEBUG_INFO = NO;
				MTL_FAST_MATH = YES;
				SDKROOT = iphoneos;
				SWIFT_COMPILATION_MODE = wholemodule;
				SWIFT_OPTIMIZATION_LEVEL = "-O";
				VALIDATE_PRODUCT = YES;
			};
			name = Release;
		};
		A5765665297EDBA300FEDC5A /* Debug */ = {
			isa = XCBuildConfiguration;
			buildSettings = {
				ASSETCATALOG_COMPILER_APPICON_NAME = AppIcon;
				ASSETCATALOG_COMPILER_GLOBAL_ACCENT_COLOR_NAME = AccentColor;
				CODE_SIGN_IDENTITY = "Apple Development";
				CODE_SIGN_STYLE = Automatic;
				CURRENT_PROJECT_VERSION = 1;
				DEVELOPMENT_TEAM = 456E6NNKP2;
				GENERATE_INFOPLIST_FILE = YES;
				INFOPLIST_FILE = ExchangeConverter/Info.plist;
				INFOPLIST_KEY_UIApplicationSupportsIndirectInputEvents = YES;
				INFOPLIST_KEY_UILaunchStoryboardName = LaunchScreen;
				INFOPLIST_KEY_UIMainStoryboardFile = Main;
				INFOPLIST_KEY_UISupportedInterfaceOrientations = "UIInterfaceOrientationPortrait UIInterfaceOrientationPortraitUpsideDown";
				IPHONEOS_DEPLOYMENT_TARGET = 15.0;
				LD_RUNPATH_SEARCH_PATHS = (
					"$(inherited)",
					"@executable_path/Frameworks",
				);
				MARKETING_VERSION = 1.0;
				PRODUCT_BUNDLE_IDENTIFIER = BaluTutorials.ExchangeConverter;
				PRODUCT_NAME = "$(TARGET_NAME)";
				PROVISIONING_PROFILE_SPECIFIER = "";
				SWIFT_EMIT_LOC_STRINGS = YES;
				SWIFT_VERSION = 5.0;
				TARGETED_DEVICE_FAMILY = "1,2";
			};
			name = Debug;
		};
		A5765666297EDBA300FEDC5A /* Release */ = {
			isa = XCBuildConfiguration;
			buildSettings = {
				ASSETCATALOG_COMPILER_APPICON_NAME = AppIcon;
				ASSETCATALOG_COMPILER_GLOBAL_ACCENT_COLOR_NAME = AccentColor;
				CODE_SIGN_IDENTITY = "Apple Development";
				CODE_SIGN_STYLE = Automatic;
				CURRENT_PROJECT_VERSION = 1;
				DEVELOPMENT_TEAM = 456E6NNKP2;
				GENERATE_INFOPLIST_FILE = YES;
				INFOPLIST_FILE = ExchangeConverter/Info.plist;
				INFOPLIST_KEY_UIApplicationSupportsIndirectInputEvents = YES;
				INFOPLIST_KEY_UILaunchStoryboardName = LaunchScreen;
				INFOPLIST_KEY_UIMainStoryboardFile = Main;
				INFOPLIST_KEY_UISupportedInterfaceOrientations = "UIInterfaceOrientationPortrait UIInterfaceOrientationPortraitUpsideDown";
				IPHONEOS_DEPLOYMENT_TARGET = 15.0;
				LD_RUNPATH_SEARCH_PATHS = (
					"$(inherited)",
					"@executable_path/Frameworks",
				);
				MARKETING_VERSION = 1.0;
				PRODUCT_BUNDLE_IDENTIFIER = BaluTutorials.ExchangeConverter;
				PRODUCT_NAME = "$(TARGET_NAME)";
				PROVISIONING_PROFILE_SPECIFIER = "";
				SWIFT_EMIT_LOC_STRINGS = YES;
				SWIFT_VERSION = 5.0;
				TARGETED_DEVICE_FAMILY = "1,2";
			};
			name = Release;
		};
		A5765668297EDBA300FEDC5A /* Debug */ = {
			isa = XCBuildConfiguration;
			buildSettings = {
				ALWAYS_EMBED_SWIFT_STANDARD_LIBRARIES = YES;
				BUNDLE_LOADER = "$(TEST_HOST)";
				CODE_SIGN_STYLE = Automatic;
				CURRENT_PROJECT_VERSION = 1;
				DEVELOPMENT_TEAM = 456E6NNKP2;
				GENERATE_INFOPLIST_FILE = YES;
				IPHONEOS_DEPLOYMENT_TARGET = 16.2;
				MARKETING_VERSION = 1.0;
				PRODUCT_BUNDLE_IDENTIFIER = BaluTutorials.ExchangeConverterTests;
				PRODUCT_NAME = "$(TARGET_NAME)";
				SWIFT_EMIT_LOC_STRINGS = NO;
				SWIFT_VERSION = 5.0;
				TARGETED_DEVICE_FAMILY = "1,2";
				TEST_HOST = "$(BUILT_PRODUCTS_DIR)/ExchangeConverter.app/$(BUNDLE_EXECUTABLE_FOLDER_PATH)/ExchangeConverter";
			};
			name = Debug;
		};
		A5765669297EDBA300FEDC5A /* Release */ = {
			isa = XCBuildConfiguration;
			buildSettings = {
				ALWAYS_EMBED_SWIFT_STANDARD_LIBRARIES = YES;
				BUNDLE_LOADER = "$(TEST_HOST)";
				CODE_SIGN_STYLE = Automatic;
				CURRENT_PROJECT_VERSION = 1;
				DEVELOPMENT_TEAM = 456E6NNKP2;
				GENERATE_INFOPLIST_FILE = YES;
				IPHONEOS_DEPLOYMENT_TARGET = 16.2;
				MARKETING_VERSION = 1.0;
				PRODUCT_BUNDLE_IDENTIFIER = BaluTutorials.ExchangeConverterTests;
				PRODUCT_NAME = "$(TARGET_NAME)";
				SWIFT_EMIT_LOC_STRINGS = NO;
				SWIFT_VERSION = 5.0;
				TARGETED_DEVICE_FAMILY = "1,2";
				TEST_HOST = "$(BUILT_PRODUCTS_DIR)/ExchangeConverter.app/$(BUNDLE_EXECUTABLE_FOLDER_PATH)/ExchangeConverter";
			};
			name = Release;
		};
/* End XCBuildConfiguration section */

/* Begin XCConfigurationList section */
		A5765632297EDBA100FEDC5A /* Build configuration list for PBXProject "ExchangeConverter" */ = {
			isa = XCConfigurationList;
			buildConfigurations = (
				A5765662297EDBA300FEDC5A /* Debug */,
				A5765663297EDBA300FEDC5A /* Release */,
			);
			defaultConfigurationIsVisible = 0;
			defaultConfigurationName = Release;
		};
		A5765664297EDBA300FEDC5A /* Build configuration list for PBXNativeTarget "ExchangeConverter" */ = {
			isa = XCConfigurationList;
			buildConfigurations = (
				A5765665297EDBA300FEDC5A /* Debug */,
				A5765666297EDBA300FEDC5A /* Release */,
			);
			defaultConfigurationIsVisible = 0;
			defaultConfigurationName = Release;
		};
		A5765667297EDBA300FEDC5A /* Build configuration list for PBXNativeTarget "ExchangeConverterTests" */ = {
			isa = XCConfigurationList;
			buildConfigurations = (
				A5765668297EDBA300FEDC5A /* Debug */,
				A5765669297EDBA300FEDC5A /* Release */,
			);
			defaultConfigurationIsVisible = 0;
			defaultConfigurationName = Release;
		};
/* End XCConfigurationList section */

/* Begin XCVersionGroup section */
		A5765643297EDBA100FEDC5A /* ExchangeConverter.xcdatamodeld */ = {
			isa = XCVersionGroup;
			children = (
				A5765644297EDBA100FEDC5A /* ExchangeConverter.xcdatamodel */,
			);
			currentVersion = A5765644297EDBA100FEDC5A /* ExchangeConverter.xcdatamodel */;
			path = ExchangeConverter.xcdatamodeld;
			sourceTree = "<group>";
			versionGroupType = wrapper.xcdatamodel;
		};
/* End XCVersionGroup section */
	};
	rootObject = A576562F297EDBA100FEDC5A /* Project object */;
}
